{
  "lockfileVersion": 1,
  "configVersion": 1,
  "workspaces": {
    "": {
      "name": "widget-svc",
      "dependencies": {
        "@fireweaveai/deploy-sdk": "^0.1.0",
        "@openfeature/server-sdk": "^1.22.0",
        "elysia": "^1.2.10",
        "posthog-node": "^4.18.0",
      },
      "devDependencies": {
        "@types/bun": "^1.3.11",
        "typescript": "^5.9.3",
      },
    },
  },
  "packages": {
    "@borewit/text-codec": ["@borewit/text-codec@0.2.2", "", {}, "sha512-DDaRehssg1aNrH4+2hnj1B7vnUGEjU6OIlyRdkMd0aUdIUvKXrJfXsy8LVtXAy7DRvYVluWbMspsRhz2lcW0mQ=="],

    "@fireweaveai/deploy-sdk": ["@fireweaveai/deploy-sdk@0.1.2", "", { "dependencies": { "@openfeature/core": "^1.11.0", "@openfeature/open-telemetry-hooks": "^1.0.0", "@openfeature/server-sdk": "^1.22.0", "@openfeature/web-sdk": "^1.9.0", "@opentelemetry/api": "^1.9.1", "@opentelemetry/api-logs": "^0.219.0", "@opentelemetry/context-async-hooks": "^2.8.0", "@opentelemetry/core": "^2.8.0", "@opentelemetry/exporter-logs-otlp-http": "^0.219.0", "@opentelemetry/exporter-metrics-otlp-http": "^0.219.0", "@opentelemetry/exporter-trace-otlp-http": "^0.219.0", "@opentelemetry/resources": "^2.8.0", "@opentelemetry/sdk-logs": "^0.219.0", "@opentelemetry/sdk-metrics": "^2.8.0", "@opentelemetry/sdk-trace-base": "^2.8.0", "@opentelemetry/semantic-conventions": "^1.41.1", "posthog-js": "^1.395.0", "posthog-node": "^5.38.2", "ts-morph": "^28.0.0" } }, "sha512-MNjSW59BSulzWd2PMJsdch1lU+gNPHraCTayZwarns2X1UfB4Nm16zLAG8quaiQc9Bb7xQz3HUespnlUOdlRuw=="],

    "@openfeature/core": ["@openfeature/core@1.11.0", "", {}, "sha512-P0u3/ht/oZCQT89fOed+laLk0kZR529a825cS02uPDglxXbE97irWYpDAeRGGVETIzKfuy+H2g8c3Ccv/tXJNQ=="],

    "@openfeature/open-telemetry-hooks": ["@openfeature/open-telemetry-hooks@1.0.0", "", { "dependencies": { "@opentelemetry/semantic-conventions": "^1.37.0" }, "peerDependencies": { "@openfeature/core": "^1.9.1", "@opentelemetry/api": "^1.3.0", "@opentelemetry/api-logs": "^0.205.0" }, "optionalPeers": ["@opentelemetry/api-logs"] }, "sha512-HO32QxCviEfe9WbNFbiC0Fvgmdv1numUEFRT43TY5WhNsMQswSljx9Zb94s6uDOewV92oCu5Elhh5qiCkcOR9g=="],

    "@openfeature/server-sdk": ["@openfeature/server-sdk@1.22.0", "", { "peerDependencies": { "@openfeature/core": "^1.11.0" } }, "sha512-YBrf6SQkn0FNB/dRAtLEs41dvFMUE8CrQTwI+iLaMFUIqWlqGNJfGnulKSneEKS+2OgKTAC6DdmKcZ6tK7kBcg=="],

    "@openfeature/web-sdk": ["@openfeature/web-sdk@1.9.0", "", { "peerDependencies": { "@openfeature/core": "^1.11.0" } }, "sha512-FCrNfqvE/thHVfCNU0KKx1SD7rk+1wE2UaR5B5OPZl917QJv6AsKRwaI3N+SVgwXWI07GgtXP6hNlTVb49PGhg=="],

    "@opentelemetry/api": ["@opentelemetry/api@1.9.1", "", {}, "sha512-gLyJlPHPZYdAk1JENA9LeHejZe1Ti77/pTeFm/nMXmQH/HFZlcS/O2XJB+L8fkbrNSqhdtlvjBVjxwUYanNH5Q=="],

    "@opentelemetry/api-logs": ["@opentelemetry/api-logs@0.219.0", "", { "dependencies": { "@opentelemetry/api": "^1.3.0" } }, "sha512-FFx7YnaYJlIjqWW/AG/yAZ0L/NEY724PipXXXQLdtZPbLwBGbUMTGL1i/esI56TWfTUXxhLfpgrnWJCG8aUJyg=="],

    "@opentelemetry/context-async-hooks": ["@opentelemetry/context-async-hooks@2.9.0", "", { "peerDependencies": { "@opentelemetry/api": ">=1.0.0 <1.10.0" } }, "sha512-OQ0vzvbZBiUhjqLnUaoNfYmP8553Crr3aggB4y0ZUi815mZ7idpdJXQmoKdeBKJelYttoBlLSSHubmyw3wvX4w=="],

    "@opentelemetry/core": ["@opentelemetry/core@2.9.0", "", { "dependencies": { "@opentelemetry/semantic-conventions": "^1.29.0" }, "peerDependencies": { "@opentelemetry/api": ">=1.0.0 <1.10.0" } }, "sha512-m2nckMT80NnmjTYSPjJQObBJ+8dgkoajEOUbznL8AHZ3T3yHRk2P7gI1PhEBc1+lOnrYE9UWrWHqJDsmqjmNbw=="],

    "@opentelemetry/exporter-logs-otlp-http": ["@opentelemetry/exporter-logs-otlp-http@0.219.0", "", { "dependencies": { "@opentelemetry/api-logs": "0.219.0", "@opentelemetry/core": "2.8.0", "@opentelemetry/otlp-exporter-base": "0.219.0", "@opentelemetry/otlp-transformer": "0.219.0", "@opentelemetry/sdk-logs": "0.219.0" }, "peerDependencies": { "@opentelemetry/api": "^1.3.0" } }, "sha512-mhl2HL6GmZI8b8PwPfqMws/5ovJfbRTxwc9Y5agVVHiQ+e5SL1btsFr/kJDgt7YCexDtsUn5HAreHQO9szFS0A=="],

    "@opentelemetry/exporter-metrics-otlp-http": ["@opentelemetry/exporter-metrics-otlp-http@0.219.0", "", { "dependencies": { "@opentelemetry/core": "2.8.0", "@opentelemetry/otlp-exporter-base": "0.219.0", "@opentelemetry/otlp-transformer": "0.219.0", "@opentelemetry/resources": "2.8.0", "@opentelemetry/sdk-metrics": "2.8.0" }, "peerDependencies": { "@opentelemetry/api": "^1.3.0" } }, "sha512-6CaDRbMVHZSDWzNXwrR8y/H4B/Z1eMNnkHiPQlTx3Ojz2OHY4X/aff/UC4P/3pHUQSuTfi3oh2UsPPZppw+Vrg=="],

    "@opentelemetry/exporter-trace-otlp-http": ["@opentelemetry/exporter-trace-otlp-http@0.219.0", "", { "dependencies": { "@opentelemetry/core": "2.8.0", "@opentelemetry/otlp-exporter-base": "0.219.0", "@opentelemetry/otlp-transformer": "0.219.0", "@opentelemetry/resources": "2.8.0", "@opentelemetry/sdk-trace-base": "2.8.0" }, "peerDependencies": { "@opentelemetry/api": "^1.3.0" } }, "sha512-9t6SvBXXBEjOBcIzgozvBbd3jWrv3Gt3ngGhl1fhdZ/zRc7oZDVOFEqbi2zlBpW9BXhgDMKv422J0DL/3iQWfw=="],

    "@opentelemetry/otlp-exporter-base": ["@opentelemetry/otlp-exporter-base@0.219.0", "", { "dependencies": { "@opentelemetry/core": "2.8.0", "@opentelemetry/otlp-transformer": "0.219.0" }, "peerDependencies": { "@opentelemetry/api": "^1.3.0" } }, "sha512-zvIxQX/AZUVKDU+hCuYx+7UkiP7GRdnk1ZbFQRYzHvYp47cAWR4j3IhoPhV9KaeXEv2xdGq3IA6PnpzDmLcmSA=="],

    "@opentelemetry/otlp-transformer": ["@opentelemetry/otlp-transformer@0.219.0", "", { "dependencies": { "@opentelemetry/api-logs": "0.219.0", "@opentelemetry/core": "2.8.0", "@opentelemetry/resources": "2.8.0", "@opentelemetry/sdk-logs": "0.219.0", "@opentelemetry/sdk-metrics": "2.8.0", "@opentelemetry/sdk-trace-base": "2.8.0" }, "peerDependencies": { "@opentelemetry/api": "^1.3.0" } }, "sha512-aaYKAyXhw9VchKZVGOopD3Gw/kPsyrX2c6IQ0AW32mTjqmZOh5Y6Gf5OYqTNqVktAeBjmFinhyFaCwW6GYK9YQ=="],

    "@opentelemetry/resources": ["@opentelemetry/resources@2.9.0", "", { "dependencies": { "@opentelemetry/core": "2.9.0", "@opentelemetry/semantic-conventions": "^1.29.0" }, "peerDependencies": { "@opentelemetry/api": ">=1.3.0 <1.10.0" } }, "sha512-jyA5MBLQ+Dkl3+JsZkUoUvL7yHvU64kLsvpXKarWm6347Sl1t1bXFTFykUePNpT5WH5pm9a2Qtt03iIYQhZ1Fg=="],

    "@opentelemetry/sdk-logs": ["@opentelemetry/sdk-logs@0.219.0", "", { "dependencies": { "@opentelemetry/api-logs": "0.219.0", "@opentelemetry/core": "2.8.0", "@opentelemetry/resources": "2.8.0", "@opentelemetry/semantic-conventions": "^1.29.0" }, "peerDependencies": { "@opentelemetry/api": ">=1.4.0 <1.10.0" } }, "sha512-s6lTKRakaPClvKoWHRChxnXjDMkM/TQ30ff78jN6EBGf7MI7VzANE5PU3f4z9qDUudWjvZjOLHG0rBnBKYvoXA=="],

    "@opentelemetry/sdk-metrics": ["@opentelemetry/sdk-metrics@2.9.0", "", { "dependencies": { "@opentelemetry/core": "2.9.0", "@opentelemetry/resources": "2.9.0" }, "peerDependencies": { "@opentelemetry/api": ">=1.9.0 <1.10.0" } }, "sha512-Xx8RGS4H5XEBl01WuCreMIpiah9cCXMbSkeuIePPdD2cUpq/vUzYmj8E/MK1OsbOc93FuAD4jfn2WOacKwLn7Q=="],

    "@opentelemetry/sdk-trace": ["@opentelemetry/sdk-trace@2.9.0", "", { "dependencies": { "@opentelemetry/core": "2.9.0", "@opentelemetry/resources": "2.9.0", "@opentelemetry/semantic-conventions": "^1.29.0" }, "peerDependencies": { "@opentelemetry/api": ">=1.3.0 <1.10.0" } }, "sha512-sGA19HvtrrSKYsseHphluH6j3p6Xa3fqc7c7y8f/7mYWejc1lyDFcpSdD1kYa50HCLUeEo4zA5bW0pniaPszuw=="],

    "@opentelemetry/sdk-trace-base": ["@opentelemetry/sdk-trace-base@2.9.0", "", { "dependencies": { "@opentelemetry/core": "2.9.0", "@opentelemetry/resources": "2.9.0", "@opentelemetry/sdk-trace": "2.9.0", "@opentelemetry/semantic-conventions": "^1.29.0" }, "peerDependencies": { "@opentelemetry/api": ">=1.3.0 <1.10.0" } }, "sha512-cp9zmTl62R8PJrpvFcmc8N2JQU/xfa0S+61q511Nji+QxCfZ8Ifvg7H27G8cANe4crg4RTrWsVvanHiXjSp6ag=="],

    "@opentelemetry/semantic-conventions": ["@opentelemetry/semantic-conventions@1.43.0", "", {}, "sha512-eSYWTm620tTk45EKSedaUL8MFYI8hW164hIXsgIHyxu3VobUB3fFCu5t0hQby6OoWRPsG1KkKUG2M5UadiLiVg=="],

    "@posthog/core": ["@posthog/core@1.42.1", "", { "dependencies": { "@posthog/types": "^1.395.0" } }, "sha512-cZojBmvf92gZAn0MGf/J2S+3t2sZqb9E2/6mjY4jJsImwz7PuYqdNj870Wx2iwwlf++wfhRuH4K4bpDy9GIoCA=="],

    "@posthog/types": ["@posthog/types@1.395.0", "", {}, "sha512-Ty0gbVc6d9ku9H3caF54PmEfu4PHUGpJKTriMyDb4rjCTsEYOOjD4r6Fw/UMYSSWg8Ls3KnCtTow8LL6ciqNDg=="],

    "@sinclair/typebox": ["@sinclair/typebox@0.34.49", "", {}, "sha512-brySQQs7Jtn0joV8Xh9ZV/hZb9Ozb0pmazDIASBkYKCjXrXU3mpcFahmK/z4YDhGkQvP9mWJbVyahdtU5wQA+A=="],

    "@tokenizer/inflate": ["@tokenizer/inflate@0.4.1", "", { "dependencies": { "debug": "^4.4.3", "token-types": "^6.1.1" } }, "sha512-2mAv+8pkG6GIZiF1kNg1jAjh27IDxEPKwdGul3snfztFerfPGI1LjDezZp3i7BElXompqEtPmoPx6c2wgtWsOA=="],

    "@tokenizer/token": ["@tokenizer/token@0.3.0", "", {}, "sha512-OvjF+z51L3ov0OyAU0duzsYuvO01PH7x4t6DJx+guahgTnBHkhJdG7soQeTSFLWN3efnHyibZ4Z8l2EuWwJN3A=="],

    "@ts-morph/common": ["@ts-morph/common@0.29.0", "", { "dependencies": { "minimatch": "^10.0.1", "path-browserify": "^1.0.1", "tinyglobby": "^0.2.14" } }, "sha512-35oUmphHbJvQ/+UTwFNme/t2p3FoKiGJ5auTjjpNTop2dyREspirjMy82PLSC1pnDJ8ah1GU98hwpVt64YXQsg=="],

    "@types/bun": ["@types/bun@1.3.14", "", { "dependencies": { "bun-types": "1.3.14" } }, "sha512-h1hFqFVcvAvD9j9K7ZW7vd82aSA+rTdznZa+5bwvCwqSB1jmmfLcbIWhOLx1/+boy/xmjgCs/OMUL8hRJSmnPw=="],

    "@types/node": ["@types/node@25.9.1", "", { "dependencies": { "undici-types": ">=7.24.0 <7.24.7" } }, "sha512-xfrlY7UD5rMJk3ZVJP8BNzS28J36YJg+xp+LPXV1TdWxr8uMH5A860QNxYDGQe/ylDSgjxE52Q9VnO7p75tJxg=="],

    "@types/trusted-types": ["@types/trusted-types@2.0.7", "", {}, "sha512-ScaPdn1dQczgbl0QFTeTOmVHFULt394XJgOQNoyVhZ6r2vLnMLJfBPd53SB52T/3G36VI1/g2MZaX0cwDuXsfw=="],

    "agent-base": ["agent-base@6.0.2", "", { "dependencies": { "debug": "4" } }, "sha512-RZNwNclF7+MS/8bDg70amg32dyeZGZxiDuQmZxKLAlQjr3jGyLx+4Kkk58UO7D2QdgFIQCovuSuZESne6RG6XQ=="],

    "asynckit": ["asynckit@0.4.0", "", {}, "sha512-Oei9OH4tRh0YqU3GxhX79dM/mwVgvbZJaSNaRk+bshkj0S5cfHcgYakreBjrHwatXKbz+IoIdYLxrKim2MjW0Q=="],

    "axios": ["axios@1.16.1", "", { "dependencies": { "follow-redirects": "^1.16.0", "form-data": "^4.0.5", "https-proxy-agent": "^5.0.1", "proxy-from-env": "^2.1.0" } }, "sha512-caYkukvroVPO8KrzuJEb50Hm07KwfBZPEC3VeFHTsqWHvKTsy54hjJz9BS/cdaypROE2rH6xvm9mHX4fgWkr3A=="],

    "balanced-match": ["balanced-match@4.0.4", "", {}, "sha512-BLrgEcRTwX2o6gGxGOCNyMvGSp35YofuYzw9h1IMTRmKqttAZZVU67bdb9Pr2vUHA8+j3i2tJfjO6C6+4myGTA=="],

    "brace-expansion": ["brace-expansion@5.0.7", "", { "dependencies": { "balanced-match": "^4.0.2" } }, "sha512-7oFy703dxfY3/NLxC1fh2SUCQ0H9rmAY+5EpDVfXjUTTs+HEwR2nYaqLv+GWcTsumwxPfiz6CzCNkwXwBUwqCA=="],

    "bun-types": ["bun-types@1.3.14", "", { "dependencies": { "@types/node": "*" } }, "sha512-4N0ig0fEomHt5R0KCFWjovxow98rIoRwKolrYdCcknNwMekCXRnWEUvgu5soYV8QXtVsrUD8B95MBOZGPvr6KQ=="],

    "call-bind-apply-helpers": ["call-bind-apply-helpers@1.0.2", "", { "dependencies": { "es-errors": "^1.3.0", "function-bind": "^1.1.2" } }, "sha512-Sp1ablJ0ivDkSzjcaJdxEunN5/XvksFJ2sMBFfq6x0ryhQV/2b/KwFe21cMpmHtPOSij8K99/wSfoEuTObmuMQ=="],

    "code-block-writer": ["code-block-writer@13.0.3", "", {}, "sha512-Oofo0pq3IKnsFtuHqSF7TqBfr71aeyZDVJ0HpmqB7FBM2qEigL0iPONSCZSO9pE9dZTAxANe5XHG9Uy0YMv8cg=="],

    "combined-stream": ["combined-stream@1.0.8", "", { "dependencies": { "delayed-stream": "~1.0.0" } }, "sha512-FQN4MRfuJeHf7cBbBMJFXhKSDq+2kAArBlmRBvcvFE5BB1HZKXtSFASDhdlz9zOYwxh8lDdnvmMOe/+5cdoEdg=="],

    "cookie": ["cookie@1.1.1", "", {}, "sha512-ei8Aos7ja0weRpFzJnEA9UHJ/7XQmqglbRwnf2ATjcB9Wq874VKH9kfjjirM6UhU2/E5fFYadylyhFldcqSidQ=="],

    "core-js": ["core-js@3.49.0", "", {}, "sha512-es1U2+YTtzpwkxVLwAFdSpaIMyQaq0PBgm3YD1W3Qpsn1NAmO3KSgZfu+oGSWVu6NvLHoHCV/aYcsE5wiB7ALg=="],

    "debug": ["debug@4.4.3", "", { "dependencies": { "ms": "^2.1.3" } }, "sha512-RGwwWnwQvkVfavKVt22FGLw+xYSdzARwm0ru6DhTVA3umU5hZc28V3kO4stgYryrTlLpuvgI9GiijltAjNbcqA=="],

    "delayed-stream": ["delayed-stream@1.0.0", "", {}, "sha512-ZySD7Nf91aLB0RxL4KGrKHBXl7Eds1DAmEdcoVawXnLD7SDhpNgtuII2aAkg7a7QS41jxPSZ17p4VdGnMHk3MQ=="],

    "dompurify": ["dompurify@3.4.12", "", { "optionalDependencies": { "@types/trusted-types": "^2.0.7" } }, "sha512-zQvGet8Z2sWbQhCmfFz/T5QWH2oBmjnqK3qvOjaqaNLrLEF912WamU+ohnTp0TCep/MFVHpdJuCZEdFOdTnEFg=="],

    "dunder-proto": ["dunder-proto@1.0.1", "", { "dependencies": { "call-bind-apply-helpers": "^1.0.1", "es-errors": "^1.3.0", "gopd": "^1.2.0" } }, "sha512-KIN/nDJBQRcXw0MLVhZE9iQHmG68qAVIBg9CqmUYjmQIhgij9U5MFvrqkUL5FbtyyzZuOeOt0zdeRe4UY7ct+A=="],

    "elysia": ["elysia@1.4.28", "", { "dependencies": { "cookie": "^1.1.1", "exact-mirror": "^0.2.7", "fast-decode-uri-component": "^1.0.1", "memoirist": "^0.4.0" }, "peerDependencies": { "@sinclair/typebox": ">= 0.34.0 < 1", "@types/bun": ">= 1.2.0", "file-type": ">= 20.0.0", "openapi-types": ">= 12.0.0", "typescript": ">= 5.0.0" }, "optionalPeers": ["@types/bun", "typescript"] }, "sha512-Vrx8sBnvq8squS/3yNBzR1jBXI+SgmnmvwawPjNuEHndUe5l1jV2Gp6JJ4ulDkEB8On6bWmmuyPpA+bq4t+WYg=="],

    "es-define-property": ["es-define-property@1.0.1", "", {}, "sha512-e3nRfgfUZ4rNGL232gUgX06QNyyez04KdjFrF+LTRoOXmrOgFKDg4BCdsjW8EnT69eqdYGmRpJwiPVYNrCaW3g=="],

    "es-errors": ["es-errors@1.3.0", "", {}, "sha512-Zf5H2Kxt2xjTvbJvP2ZWLEICxA6j+hAmMzIlypy4xcBg1vKVnx89Wy0GbS+kf5cwCVFFzdCFh2XSCFNULS6csw=="],

    "es-object-atoms": ["es-object-atoms@1.1.1", "", { "dependencies": { "es-errors": "^1.3.0" } }, "sha512-FGgH2h8zKNim9ljj7dankFPcICIK9Cp5bm+c2gQSYePhpaG5+esrLODihIorn+Pe6FGJzWhXQotPv73jTaldXA=="],

    "es-set-tostringtag": ["es-set-tostringtag@2.1.0", "", { "dependencies": { "es-errors": "^1.3.0", "get-intrinsic": "^1.2.6", "has-tostringtag": "^1.0.2", "hasown": "^2.0.2" } }, "sha512-j6vWzfrGVfyXxge+O0x5sh6cvxAog0a/4Rdd2K36zCMV5eJ+/+tOAngRO8cODMNWbVRdVlmGZQL2YS3yR8bIUA=="],

    "exact-mirror": ["exact-mirror@0.2.7", "", { "peerDependencies": { "@sinclair/typebox": "^0.34.15" }, "optionalPeers": ["@sinclair/typebox"] }, "sha512-+MeEmDcLA4o/vjK2zujgk+1VTxPR4hdp23qLqkWfStbECtAq9gmsvQa3LW6z/0GXZyHJobrCnmy1cdeE7BjsYg=="],

    "fast-decode-uri-component": ["fast-decode-uri-component@1.0.1", "", {}, "sha512-WKgKWg5eUxvRZGwW8FvfbaH7AXSh2cL+3j5fMGzUMCxWBJ3dV3a7Wz8y2f/uQ0e3B6WmodD3oS54jTQ9HVTIIg=="],

    "fdir": ["fdir@6.5.0", "", { "peerDependencies": { "picomatch": "^3 || ^4" }, "optionalPeers": ["picomatch"] }, "sha512-tIbYtZbucOs0BRGqPJkshJUYdL+SDH7dVM8gjy+ERp3WAUjLEFJE+02kanyHtwjWOnwrKYBiwAmM0p4kLJAnXg=="],

    "fflate": ["fflate@0.4.8", "", {}, "sha512-FJqqoDBR00Mdj9ppamLa/Y7vxm+PRmNWA67N846RvsoYVMKB4q3y/de5PA7gUmRMYK/8CMz2GDZQmCRN1wBcWA=="],

    "file-type": ["file-type@22.0.1", "", { "dependencies": { "@tokenizer/inflate": "^0.4.1", "strtok3": "^10.3.5", "token-types": "^6.1.2", "uint8array-extras": "^1.5.0" } }, "sha512-ww5Mhre0EE+jmBvOXTmXAbEMuZE7uX4a3+oRCQFNj8w++g3ev913N6tXQz0XTXbueQ5TWQfm6BdaViEHHn8bhA=="],

    "follow-redirects": ["follow-redirects@1.16.0", "", {}, "sha512-y5rN/uOsadFT/JfYwhxRS5R7Qce+g3zG97+JrtFZlC9klX/W5hD7iiLzScI4nZqUS7DNUdhPgw4xI8W2LuXlUw=="],

    "form-data": ["form-data@4.0.5", "", { "dependencies": { "asynckit": "^0.4.0", "combined-stream": "^1.0.8", "es-set-tostringtag": "^2.1.0", "hasown": "^2.0.2", "mime-types": "^2.1.12" } }, "sha512-8RipRLol37bNs2bhoV67fiTEvdTrbMUYcFTiy3+wuuOnUog2QBHCZWXDRijWQfAkhBj2Uf5UnVaiWwA5vdd82w=="],

    "function-bind": ["function-bind@1.1.2", "", {}, "sha512-7XHNxH7qX9xG5mIwxkhumTox/MIRNcOgDrxWsMt2pAr23WHp6MrRlN7FBSFpCpr+oVO0F744iUgR82nJMfG2SA=="],

    "get-intrinsic": ["get-intrinsic@1.3.0", "", { "dependencies": { "call-bind-apply-helpers": "^1.0.2", "es-define-property": "^1.0.1", "es-errors": "^1.3.0", "es-object-atoms": "^1.1.1", "function-bind": "^1.1.2", "get-proto": "^1.0.1", "gopd": "^1.2.0", "has-symbols": "^1.1.0", "hasown": "^2.0.2", "math-intrinsics": "^1.1.0" } }, "sha512-9fSjSaos/fRIVIp+xSJlE6lfwhES7LNtKaCBIamHsjr2na1BiABJPo0mOjjz8GJDURarmCPGqaiVg5mfjb98CQ=="],

    "get-proto": ["get-proto@1.0.1", "", { "dependencies": { "dunder-proto": "^1.0.1", "es-object-atoms": "^1.0.0" } }, "sha512-sTSfBjoXBp89JvIKIefqw7U2CCebsc74kiY6awiGogKtoSGbgjYE/G/+l9sF3MWFPNc9IcoOC4ODfKHfxFmp0g=="],

    "gopd": ["gopd@1.2.0", "", {}, "sha512-ZUKRh6/kUFoAiTAtTYPZJ3hw9wNxx+BIBOijnlG9PnrJsCcSjs1wyyD6vJpaYtgnzDrKYRSqf3OO6Rfa93xsRg=="],

    "has-symbols": ["has-symbols@1.1.0", "", {}, "sha512-1cDNdwJ2Jaohmb3sg4OmKaMBwuC48sYni5HUw2DvsC8LjGTLK9h+eb1X6RyuOHe4hT0ULCW68iomhjUoKUqlPQ=="],

    "has-tostringtag": ["has-tostringtag@1.0.2", "", { "dependencies": { "has-symbols": "^1.0.3" } }, "sha512-NqADB8VjPFLM2V0VvHUewwwsw0ZWBaIdgo+ieHtK3hasLz4qeCRjYcqfB6AQrBggRKppKF8L52/VqdVsO47Dlw=="],

    "hasown": ["hasown@2.0.3", "", { "dependencies": { "function-bind": "^1.1.2" } }, "sha512-ej4AhfhfL2Q2zpMmLo7U1Uv9+PyhIZpgQLGT1F9miIGmiCJIoCgSmczFdrc97mWT4kVY72KA+WnnhJ5pghSvSg=="],

    "https-proxy-agent": ["https-proxy-agent@5.0.1", "", { "dependencies": { "agent-base": "6", "debug": "4" } }, "sha512-dFcAjpTQFgoLMzC2VwU+C/CbS7uRL0lWmxDITmqm7C+7F0Odmj6s9l6alZc6AELXhrnggM2CeWSXHGOdX2YtwA=="],

    "ieee754": ["ieee754@1.2.1", "", {}, "sha512-dcyqhDvX1C46lXZcVqCpK+FtMRQVdIMN6/Df5js2zouUsqG7I6sFxitIC+7KYK29KdXOLHdu9zL4sFnoVQnqaA=="],

    "math-intrinsics": ["math-intrinsics@1.1.0", "", {}, "sha512-/IXtbwEk5HTPyEwyKX6hGkYXxM9nbj64B+ilVJnC/R6B0pH5G4V3b0pVbL7DBj4tkhBAppbQUlf6F6Xl9LHu1g=="],

    "memoirist": ["memoirist@0.4.0", "", {}, "sha512-zxTgA0mSYELa66DimuNQDvyLq36AwDlTuVRbnQtB+VuTcKWm5Qc4z3WkSpgsFWHNhexqkIooqpv4hdcqrX5Nmg=="],

    "mime-db": ["mime-db@1.52.0", "", {}, "sha512-sPU4uV7dYlvtWJxwwxHD0PuihVNiE7TyAbQ5SWxDCB9mUYvOgroQOwYQQOKPJ8CIbE+1ETVlOoK1UC2nU3gYvg=="],

    "mime-types": ["mime-types@2.1.35", "", { "dependencies": { "mime-db": "1.52.0" } }, "sha512-ZDY+bPm5zTTF+YpCrAU9nK0UgICYPT0QtT1NZWFv4s++TNkcgVaT0g6+4R2uI4MjQjzysHB1zxuWL50hzaeXiw=="],

    "minimatch": ["minimatch@10.2.5", "", { "dependencies": { "brace-expansion": "^5.0.5" } }, "sha512-MULkVLfKGYDFYejP07QOurDLLQpcjk7Fw+7jXS2R2czRQzR56yHRveU5NDJEOviH+hETZKSkIk5c+T23GjFUMg=="],

    "ms": ["ms@2.1.3", "", {}, "sha512-6FlzubTLZG3J2a/NVCAleEhjzq5oxgHyaCU9yYXvcLsvoVaHJq/s5xXI6/XXP6tz7R9xAOtHnSO/tXtF3WRTlA=="],

    "openapi-types": ["openapi-types@12.1.3", "", {}, "sha512-N4YtSYJqghVu4iek2ZUvcN/0aqH1kRDuNqzcycDxhOUpg7GdvLa2F3DgS6yBNhInhv2r/6I0Flkn7CqL8+nIcw=="],

    "path-browserify": ["path-browserify@1.0.1", "", {}, "sha512-b7uo2UCUOYZcnF/3ID0lulOJi/bafxa1xPe7ZPsammBSpjSWQkjNxlt635YGS2MiR9GjvuXCtz2emr3jbsz98g=="],

    "picomatch": ["picomatch@4.0.5", "", {}, "sha512-RvwwcruNjI1ncT5xRakeyS9Lf8lcItv34KD+aif+VH9kduAyfYBipGh12274xtenIPZ119/R9BdTBa8gAwSh0A=="],

    "posthog-js": ["posthog-js@1.402.3", "", { "dependencies": { "@posthog/core": "^1.42.1", "@posthog/types": "^1.395.0", "core-js": "^3.49.0", "dompurify": "^3.3.2", "fflate": "^0.4.8", "preact": "^10.29.3", "query-selector-shadow-dom": "^1.0.1", "web-vitals": "^5.3.0" } }, "sha512-MCn4O9wJc1BGBbb820MlmYifDb6EhFBFhfR1K9294gfgFRcxin+NSlypswVBdt1ZO4XD/P7EPmwApyVX/EYlUw=="],

    "posthog-node": ["posthog-node@4.18.0", "", { "dependencies": { "axios": "^1.8.2" } }, "sha512-XROs1h+DNatgKh/AlIlCtDxWzwrKdYDb2mOs58n4yN8BkGN9ewqeQwG5ApS4/IzwCb7HPttUkOVulkYatd2PIw=="],

    "preact": ["preact@10.29.7", "", { "peerDependencies": { "preact-render-to-string": ">=5" }, "optionalPeers": ["preact-render-to-string"] }, "sha512-DCHYrK/B10yUD3ZjLfhZ3WIE/9Vf9VFUODcRE2dRomTYDpJk6z6L9wecSfhfE6M9ZTHUdyQkoC46arIDhEV84Q=="],

    "proxy-from-env": ["proxy-from-env@2.1.0", "", {}, "sha512-cJ+oHTW1VAEa8cJslgmUZrc+sjRKgAKl3Zyse6+PV38hZe/V6Z14TbCuXcan9F9ghlz4QrFr2c92TNF82UkYHA=="],

    "query-selector-shadow-dom": ["query-selector-shadow-dom@1.0.1", "", {}, "sha512-lT5yCqEBgfoMYpf3F2xQRK7zEr1rhIIZuceDK6+xRkJQ4NMbHTwXqk4NkwDwQMNqXgG9r9fyHnzwNVs6zV5KRw=="],

    "strtok3": ["strtok3@10.3.5", "", { "dependencies": { "@tokenizer/token": "^0.3.0" } }, "sha512-ki4hZQfh5rX0QDLLkOCj+h+CVNkqmp/CMf8v8kZpkNVK6jGQooMytqzLZYUVYIZcFZ6yDB70EfD8POcFXiF5oA=="],

    "tinyglobby": ["tinyglobby@0.2.17", "", { "dependencies": { "fdir": "^6.5.0", "picomatch": "^4.0.4" } }, "sha512-wXR/dYpcqKmfWpEdZjiKJOwCNFndD0DMnrW/cYjVGttEkBfVgcLFHoNrlj47mjOVic9yyNu65alsgF4NQyTa2g=="],

    "token-types": ["token-types@6.1.2", "", { "dependencies": { "@borewit/text-codec": "^0.2.1", "@tokenizer/token": "^0.3.0", "ieee754": "^1.2.1" } }, "sha512-dRXchy+C0IgK8WPC6xvCHFRIWYUbqqdEIKPaKo/AcTUNzwLTK6AH7RjdLWsEZcAN/TBdtfUw3PYEgPr5VPr6ww=="],

    "ts-morph": ["ts-morph@28.0.0", "", { "dependencies": { "@ts-morph/common": "~0.29.0", "code-block-writer": "^13.0.3" } }, "sha512-Wp3tnZ2bzwxyTZMtgWVzXDfm7lB1Drz+y9DmmYH/L702PQhPyVrp3pkou3yIz4qjS14GY9kcpmLiOOMvl8oG1g=="],

    "typescript": ["typescript@5.9.3", "", { "bin": { "tsc": "bin/tsc", "tsserver": "bin/tsserver" } }, "sha512-jl1vZzPDinLr9eUt3J/t7V6FgNEw9QjvBPdysz9KfQDD41fQrC2Y4vKQdiaUpFT4bXlb1RHhLpp8wtm6M5TgSw=="],

    "uint8array-extras": ["uint8array-extras@1.5.0", "", {}, "sha512-rvKSBiC5zqCCiDZ9kAOszZcDvdAHwwIKJG33Ykj43OKcWsnmcBRL09YTU4nOeHZ8Y2a7l1MgTd08SBe9A8Qj6A=="],

    "undici-types": ["undici-types@7.24.6", "", {}, "sha512-WRNW+sJgj5OBN4/0JpHFqtqzhpbnV0GuB+OozA9gCL7a993SmU+1JBZCzLNxYsbMfIeDL+lTsphD5jN5N+n0zg=="],

    "web-vitals": ["web-vitals@5.3.0", "", {}, "sha512-q6LWsLatGYZp5VGBIOvbTj6JBV2nOmC8KvWztXBmwJcfFAzhwKwbOxhUH306XY3CcaZDUlSmSuNPBsCn0bFu+g=="],

    "@fireweaveai/deploy-sdk/posthog-node": ["posthog-node@5.44.0", "", { "dependencies": { "@posthog/core": "^1.42.1" }, "peerDependencies": { "rxjs": "^7.0.0" }, "optionalPeers": ["rxjs"] }, "sha512-dTKnUffCFfA4lSD8dD7sQ7SnGb0g8S42jEbhyGJxNim6SPHd95OBvhWSf9uDc/1X26XLZRGEln01IRPjLey+yQ=="],

    "@opentelemetry/exporter-logs-otlp-http/@opentelemetry/core": ["@opentelemetry/core@2.8.0", "", { "dependencies": { "@opentelemetry/semantic-conventions": "^1.29.0" }, "peerDependencies": { "@opentelemetry/api": ">=1.0.0 <1.10.0" } }, "sha512-hd1Lfh8p545nNz+jq1Ejfz+Mn1hyLuxYn1YzTfFNrxr8urEWMNQLPf1Th8kjOH+HxwawCrtgBp8JpBUR4ZSgww=="],

    "@opentelemetry/exporter-metrics-otlp-http/@opentelemetry/core": ["@opentelemetry/core@2.8.0", "", { "dependencies": { "@opentelemetry/semantic-conventions": "^1.29.0" }, "peerDependencies": { "@opentelemetry/api": ">=1.0.0 <1.10.0" } }, "sha512-hd1Lfh8p545nNz+jq1Ejfz+Mn1hyLuxYn1YzTfFNrxr8urEWMNQLPf1Th8kjOH+HxwawCrtgBp8JpBUR4ZSgww=="],

    "@opentelemetry/exporter-metrics-otlp-http/@opentelemetry/resources": ["@opentelemetry/resources@2.8.0", "", { "dependencies": { "@opentelemetry/core": "2.8.0", "@opentelemetry/semantic-conventions": "^1.29.0" }, "peerDependencies": { "@opentelemetry/api": ">=1.3.0 <1.10.0" } }, "sha512-qmXQ27ilDbUK/vGMqwL8D4/rhn76C+sherM4wTbjlfknR8Nvfc/hCxjRJPhkzZzUsPiNg16SA31NxMabwttRjg=="],

    "@opentelemetry/exporter-metrics-otlp-http/@opentelemetry/sdk-metrics": ["@opentelemetry/sdk-metrics@2.8.0", "", { "dependencies": { "@opentelemetry/core": "2.8.0", "@opentelemetry/resources": "2.8.0" }, "peerDependencies": { "@opentelemetry/api": ">=1.9.0 <1.10.0" } }, "sha512-UDBGaj6W0Rgy5rTTaoxs8gVGF/aGkAKyjurJv7se6wjRxJu7FoquTLT/vt54DZfo4crbprYfhX/SOK9+BPw1qg=="],

    "@opentelemetry/exporter-trace-otlp-http/@opentelemetry/core": ["@opentelemetry/core@2.8.0", "", { "dependencies": { "@opentelemetry/semantic-conventions": "^1.29.0" }, "peerDependencies": { "@opentelemetry/api": ">=1.0.0 <1.10.0" } }, "sha512-hd1Lfh8p545nNz+jq1Ejfz+Mn1hyLuxYn1YzTfFNrxr8urEWMNQLPf1Th8kjOH+HxwawCrtgBp8JpBUR4ZSgww=="],

    "@opentelemetry/exporter-trace-otlp-http/@opentelemetry/resources": ["@opentelemetry/resources@2.8.0", "", { "dependencies": { "@opentelemetry/core": "2.8.0", "@opentelemetry/semantic-conventions": "^1.29.0" }, "peerDependencies": { "@opentelemetry/api": ">=1.3.0 <1.10.0" } }, "sha512-qmXQ27ilDbUK/vGMqwL8D4/rhn76C+sherM4wTbjlfknR8Nvfc/hCxjRJPhkzZzUsPiNg16SA31NxMabwttRjg=="],

    "@opentelemetry/exporter-trace-otlp-http/@opentelemetry/sdk-trace-base": ["@opentelemetry/sdk-trace-base@2.8.0", "", { "dependencies": { "@opentelemetry/core": "2.8.0", "@opentelemetry/resources": "2.8.0", "@opentelemetry/semantic-conventions": "^1.29.0" }, "peerDependencies": { "@opentelemetry/api": ">=1.3.0 <1.10.0" } }, "sha512-mhU4jp+vW0mGbFRd+GeXHvmfA4aDqWjBjLC3pE5XMpLs0IE2ryYb019Ts2AQrOq67gaTF25D91+fgvEHDZEnuQ=="],

    "@opentelemetry/otlp-exporter-base/@opentelemetry/core": ["@opentelemetry/core@2.8.0", "", { "dependencies": { "@opentelemetry/semantic-conventions": "^1.29.0" }, "peerDependencies": { "@opentelemetry/api": ">=1.0.0 <1.10.0" } }, "sha512-hd1Lfh8p545nNz+jq1Ejfz+Mn1hyLuxYn1YzTfFNrxr8urEWMNQLPf1Th8kjOH+HxwawCrtgBp8JpBUR4ZSgww=="],

    "@opentelemetry/otlp-transformer/@opentelemetry/core": ["@opentelemetry/core@2.8.0", "", { "dependencies": { "@opentelemetry/semantic-conventions": "^1.29.0" }, "peerDependencies": { "@opentelemetry/api": ">=1.0.0 <1.10.0" } }, "sha512-hd1Lfh8p545nNz+jq1Ejfz+Mn1hyLuxYn1YzTfFNrxr8urEWMNQLPf1Th8kjOH+HxwawCrtgBp8JpBUR4ZSgww=="],

    "@opentelemetry/otlp-transformer/@opentelemetry/resources": ["@opentelemetry/resources@2.8.0", "", { "dependencies": { "@opentelemetry/core": "2.8.0", "@opentelemetry/semantic-conventions": "^1.29.0" }, "peerDependencies": { "@opentelemetry/api": ">=1.3.0 <1.10.0" } }, "sha512-qmXQ27ilDbUK/vGMqwL8D4/rhn76C+sherM4wTbjlfknR8Nvfc/hCxjRJPhkzZzUsPiNg16SA31NxMabwttRjg=="],

    "@opentelemetry/otlp-transformer/@opentelemetry/sdk-metrics": ["@opentelemetry/sdk-metrics@2.8.0", "", { "dependencies": { "@opentelemetry/core": "2.8.0", "@opentelemetry/resources": "2.8.0" }, "peerDependencies": { "@opentelemetry/api": ">=1.9.0 <1.10.0" } }, "sha512-UDBGaj6W0Rgy5rTTaoxs8gVGF/aGkAKyjurJv7se6wjRxJu7FoquTLT/vt54DZfo4crbprYfhX/SOK9+BPw1qg=="],

    "@opentelemetry/otlp-transformer/@opentelemetry/sdk-trace-base": ["@opentelemetry/sdk-trace-base@2.8.0", "", { "dependencies": { "@opentelemetry/core": "2.8.0", "@opentelemetry/resources": "2.8.0", "@opentelemetry/semantic-conventions": "^1.29.0" }, "peerDependencies": { "@opentelemetry/api": ">=1.3.0 <1.10.0" } }, "sha512-mhU4jp+vW0mGbFRd+GeXHvmfA4aDqWjBjLC3pE5XMpLs0IE2ryYb019Ts2AQrOq67gaTF25D91+fgvEHDZEnuQ=="],

    "@opentelemetry/sdk-logs/@opentelemetry/core": ["@opentelemetry/core@2.8.0", "", { "dependencies": { "@opentelemetry/semantic-conventions": "^1.29.0" }, "peerDependencies": { "@opentelemetry/api": ">=1.0.0 <1.10.0" } }, "sha512-hd1Lfh8p545nNz+jq1Ejfz+Mn1hyLuxYn1YzTfFNrxr8urEWMNQLPf1Th8kjOH+HxwawCrtgBp8JpBUR4ZSgww=="],

    "@opentelemetry/sdk-logs/@opentelemetry/resources": ["@opentelemetry/resources@2.8.0", "", { "dependencies": { "@opentelemetry/core": "2.8.0", "@opentelemetry/semantic-conventions": "^1.29.0" }, "peerDependencies": { "@opentelemetry/api": ">=1.3.0 <1.10.0" } }, "sha512-qmXQ27ilDbUK/vGMqwL8D4/rhn76C+sherM4wTbjlfknR8Nvfc/hCxjRJPhkzZzUsPiNg16SA31NxMabwttRjg=="],
  }
}
