{
  "lockfileVersion": 1,
  "configVersion": 1,
  "workspaces": {
    "": {
      "name": "atlas-api",
      "dependencies": {
        "@fireweaveai/server-sdk": "^2.3.0-staging.2",
        "@opentelemetry/api": "^1.9.0",
        "@opentelemetry/api-logs": "^0.203.0",
        "@opentelemetry/exporter-logs-otlp-http": "^0.203.0",
        "@opentelemetry/exporter-metrics-otlp-http": "^0.203.0",
        "@opentelemetry/exporter-trace-otlp-http": "^0.203.0",
        "@opentelemetry/resources": "^2.0.0",
        "@opentelemetry/sdk-logs": "^0.203.0",
        "@opentelemetry/sdk-metrics": "^2.0.0",
        "@opentelemetry/sdk-trace-base": "^2.0.0",
        "@opentelemetry/semantic-conventions": "^1.36.0",
      },
    },
  },
  "packages": {
    "@fireweaveai/server-sdk": ["@fireweaveai/server-sdk@2.3.0-staging.2", "", {}, "sha512-8UnjWZHcFKeD8bR/JuUghcbGDMjgcSwsJbVi3tVcXKBXUVfvISSUYP67jrdLN14KgP8BdOnG1G91vNPPQkxGVg=="],

    "@opentelemetry/api": ["@opentelemetry/api@1.9.1", "", {}, "sha512-gLyJlPHPZYdAk1JENA9LeHejZe1Ti77/pTeFm/nMXmQH/HFZlcS/O2XJB+L8fkbrNSqhdtlvjBVjxwUYanNH5Q=="],

    "@opentelemetry/api-logs": ["@opentelemetry/api-logs@0.203.0", "", { "dependencies": { "@opentelemetry/api": "^1.3.0" } }, "sha512-9B9RU0H7Ya1Dx/Rkyc4stuBZSGVQF27WigitInx2QQoj6KUpEFYPKoWjdFTunJYxmXmh17HeBvbMa1EhGyPmqQ=="],

    "@opentelemetry/core": ["@opentelemetry/core@2.0.1", "", { "dependencies": { "@opentelemetry/semantic-conventions": "^1.29.0" }, "peerDependencies": { "@opentelemetry/api": ">=1.0.0 <1.10.0" } }, "sha512-MaZk9SJIDgo1peKevlbhP6+IwIiNPNmswNL4AF0WaQJLbHXjr9SrZMgS12+iqr9ToV4ZVosCcc0f8Rg67LXjxw=="],

    "@opentelemetry/exporter-logs-otlp-http": ["@opentelemetry/exporter-logs-otlp-http@0.203.0", "", { "dependencies": { "@opentelemetry/api-logs": "0.203.0", "@opentelemetry/core": "2.0.1", "@opentelemetry/otlp-exporter-base": "0.203.0", "@opentelemetry/otlp-transformer": "0.203.0", "@opentelemetry/sdk-logs": "0.203.0" }, "peerDependencies": { "@opentelemetry/api": "^1.3.0" } }, "sha512-s0hys1ljqlMTbXx2XiplmMJg9wG570Z5lH7wMvrZX6lcODI56sG4HL03jklF63tBeyNwK2RV1/ntXGo3HgG4Qw=="],

    "@opentelemetry/exporter-metrics-otlp-http": ["@opentelemetry/exporter-metrics-otlp-http@0.203.0", "", { "dependencies": { "@opentelemetry/core": "2.0.1", "@opentelemetry/otlp-exporter-base": "0.203.0", "@opentelemetry/otlp-transformer": "0.203.0", "@opentelemetry/resources": "2.0.1", "@opentelemetry/sdk-metrics": "2.0.1" }, "peerDependencies": { "@opentelemetry/api": "^1.3.0" } }, "sha512-HFSW10y8lY6BTZecGNpV3GpoSy7eaO0Z6GATwZasnT4bEsILp8UJXNG5OmEsz4SdwCSYvyCbTJdNbZP3/8LGCQ=="],

    "@opentelemetry/exporter-trace-otlp-http": ["@opentelemetry/exporter-trace-otlp-http@0.203.0", "", { "dependencies": { "@opentelemetry/core": "2.0.1", "@opentelemetry/otlp-exporter-base": "0.203.0", "@opentelemetry/otlp-transformer": "0.203.0", "@opentelemetry/resources": "2.0.1", "@opentelemetry/sdk-trace-base": "2.0.1" }, "peerDependencies": { "@opentelemetry/api": "^1.3.0" } }, "sha512-ZDiaswNYo0yq/cy1bBLJFe691izEJ6IgNmkjm4C6kE9ub/OMQqDXORx2D2j8fzTBTxONyzusbaZlqtfmyqURPw=="],

    "@opentelemetry/otlp-exporter-base": ["@opentelemetry/otlp-exporter-base@0.203.0", "", { "dependencies": { "@opentelemetry/core": "2.0.1", "@opentelemetry/otlp-transformer": "0.203.0" }, "peerDependencies": { "@opentelemetry/api": "^1.3.0" } }, "sha512-Wbxf7k+87KyvxFr5D7uOiSq/vHXWommvdnNE7vECO3tAhsA2GfOlpWINCMWUEPdHZ7tCXxw6Epp3vgx3jU7llQ=="],

    "@opentelemetry/otlp-transformer": ["@opentelemetry/otlp-transformer@0.203.0", "", { "dependencies": { "@opentelemetry/api-logs": "0.203.0", "@opentelemetry/core": "2.0.1", "@opentelemetry/resources": "2.0.1", "@opentelemetry/sdk-logs": "0.203.0", "@opentelemetry/sdk-metrics": "2.0.1", "@opentelemetry/sdk-trace-base": "2.0.1", "protobufjs": "^7.3.0" }, "peerDependencies": { "@opentelemetry/api": "^1.3.0" } }, "sha512-Y8I6GgoCna0qDQ2W6GCRtaF24SnvqvA8OfeTi7fqigD23u8Jpb4R5KFv/pRvrlGagcCLICMIyh9wiejp4TXu/A=="],

    "@opentelemetry/resources": ["@opentelemetry/resources@2.10.0", "", { "dependencies": { "@opentelemetry/core": "2.10.0", "@opentelemetry/semantic-conventions": "^1.29.0" }, "peerDependencies": { "@opentelemetry/api": ">=1.3.0 <1.10.0" } }, "sha512-q6MMm2zhggzsHVNbabYwut+a6nbuQQe3URUoxaojM/8K1IBfwwPzvxIjNi2/lI1TFe+fMHMW9MWhrtDLEXEnkA=="],

    "@opentelemetry/sdk-logs": ["@opentelemetry/sdk-logs@0.203.0", "", { "dependencies": { "@opentelemetry/api-logs": "0.203.0", "@opentelemetry/core": "2.0.1", "@opentelemetry/resources": "2.0.1" }, "peerDependencies": { "@opentelemetry/api": ">=1.4.0 <1.10.0" } }, "sha512-vM2+rPq0Vi3nYA5akQD2f3QwossDnTDLvKbea6u/A2NZ3XDkPxMfo/PNrDoXhDUD/0pPo2CdH5ce/thn9K0kLw=="],

    "@opentelemetry/sdk-metrics": ["@opentelemetry/sdk-metrics@2.0.1", "", { "dependencies": { "@opentelemetry/core": "2.0.1", "@opentelemetry/resources": "2.0.1" }, "peerDependencies": { "@opentelemetry/api": ">=1.9.0 <1.10.0" } }, "sha512-wf8OaJoSnujMAHWR3g+/hGvNcsC16rf9s1So4JlMiFaFHiE4HpIA3oUh+uWZQ7CNuK8gVW/pQSkgoa5HkkOl0g=="],

    "@opentelemetry/sdk-trace": ["@opentelemetry/sdk-trace@2.10.0", "", { "dependencies": { "@opentelemetry/core": "2.10.0", "@opentelemetry/resources": "2.10.0", "@opentelemetry/semantic-conventions": "^1.29.0" }, "peerDependencies": { "@opentelemetry/api": ">=1.3.0 <1.10.0" } }, "sha512-MfQGq3GRmTh5fM/y+OjaO0vj6+luCB1XO2gfXCalKCfgKw0eHL++sm75DNweC6ohlp+aFvACqeE0fYayqdRaoQ=="],

    "@opentelemetry/sdk-trace-base": ["@opentelemetry/sdk-trace-base@2.10.0", "", { "dependencies": { "@opentelemetry/core": "2.10.0", "@opentelemetry/resources": "2.10.0", "@opentelemetry/sdk-trace": "2.10.0", "@opentelemetry/semantic-conventions": "^1.29.0" }, "peerDependencies": { "@opentelemetry/api": ">=1.3.0 <1.10.0" } }, "sha512-GuYQQT7QD2EeO8lcZLRQzcbOyhqAzL+6WWTKTU9mSUBYBazkEDl+VrQcXQhbB08OWM9anD1aHleVadzulpOaUQ=="],

    "@opentelemetry/semantic-conventions": ["@opentelemetry/semantic-conventions@1.43.0", "", {}, "sha512-eSYWTm620tTk45EKSedaUL8MFYI8hW164hIXsgIHyxu3VobUB3fFCu5t0hQby6OoWRPsG1KkKUG2M5UadiLiVg=="],

    "@protobufjs/aspromise": ["@protobufjs/aspromise@1.1.2", "", {}, "sha512-j+gKExEuLmKwvz3OgROXtrJ2UG2x8Ch2YZUxahh+s1F2HZ+wAceUNLkvy6zKCPVRkU++ZWQrdxsUeQXmcg4uoQ=="],

    "@protobufjs/base64": ["@protobufjs/base64@1.1.2", "", {}, "sha512-AZkcAA5vnN/v4PDqKyMR5lx7hZttPDgClv83E//FMNhR2TMcLUhfRUBHCmSl0oi9zMgDDqRUJkSxO3wm85+XLg=="],

    "@protobufjs/codegen": ["@protobufjs/codegen@2.0.5", "", {}, "sha512-zgXFLzW3Ap33e6d0Wlj4MGIm6Ce8O89n/apUaGNB/jx+hw+ruWEp7EwGUshdLKVRCxZW12fp9r40E1mQrf/34g=="],

    "@protobufjs/eventemitter": ["@protobufjs/eventemitter@1.1.1", "", {}, "sha512-vW1GmwMZNnL+gMRaovlh9yZX74kc+TTU3FObkkurpMaRtBfLP3ldjS9KQWlwZgraRE0+dheEEoAxdzcJQ8eXZg=="],

    "@protobufjs/fetch": ["@protobufjs/fetch@1.1.1", "", { "dependencies": { "@protobufjs/aspromise": "^1.1.1" } }, "sha512-GpptLrs57adMSuHi3VNj0mAF8dwh36LMaYF6XyJ6JMWlVsc+t42tm1HSEDmOs3A8fC9yyeisgLhsTVQokOZ0zw=="],

    "@protobufjs/float": ["@protobufjs/float@1.0.2", "", {}, "sha512-Ddb+kVXlXst9d+R9PfTIxh1EdNkgoRe5tOX6t01f1lYWOvJnSPDBlG241QLzcyPdoNTsblLUdujGSE4RzrTZGQ=="],

    "@protobufjs/path": ["@protobufjs/path@1.1.2", "", {}, "sha512-6JOcJ5Tm08dOHAbdR3GrvP+yUUfkjG5ePsHYczMFLq3ZmMkAD98cDgcT2iA1lJ9NVwFd4tH/iSSoe44YWkltEA=="],

    "@protobufjs/pool": ["@protobufjs/pool@1.1.0", "", {}, "sha512-0kELaGSIDBKvcgS4zkjz1PeddatrjYcmMWOlAuAPwAeccUrPHdUqo/J6LiymHHEiJT5NrF1UVwxY14f+fy4WQw=="],

    "@protobufjs/utf8": ["@protobufjs/utf8@1.1.2", "", {}, "sha512-b1UQwcEZ4yCnMCD8DAL1VlbvBJE9/IX4FTIp7BG1xYpf29SLazLSrqUkj4w7Y5y7cCVP6E5tcqqcI0xemPkHug=="],

    "@types/node": ["@types/node@26.2.0", "", { "dependencies": { "undici-types": "~8.3.0" } }, "sha512-5IviulTZeRNp2vAJ514cc/HUlY5nZ9fCbq9DMyC52BrhFZACo3nI0R7qBxhQmo/d27NFe96ur/b7Wwxklda+kg=="],

    "long": ["long@5.3.2", "", {}, "sha512-mNAgZ1GmyNhD7AuqnTG3/VQ26o760+ZYBPKjPvugO8+nLbYfX6TVpJPseBvopbdY+qpZ/lKUnmEc1LeZYS3QAA=="],

    "protobufjs": ["protobufjs@7.6.5", "", { "dependencies": { "@protobufjs/aspromise": "^1.1.2", "@protobufjs/base64": "^1.1.2", "@protobufjs/codegen": "^2.0.5", "@protobufjs/eventemitter": "^1.1.1", "@protobufjs/fetch": "^1.1.1", "@protobufjs/float": "^1.0.2", "@protobufjs/path": "^1.1.2", "@protobufjs/pool": "^1.1.0", "@protobufjs/utf8": "^1.1.1", "@types/node": ">=13.7.0", "long": "^5.3.2" } }, "sha512-/FPD0nUc9jH6rfFjji9IBqOz4pcSE3CsT1m7Ep6Mdb0LxSUMj8hgl6GomOvZzpNpAqqGaXA0P3VSrZLFzIhQrw=="],

    "undici-types": ["undici-types@8.3.0", "", {}, "sha512-j375ScV60dom+YkPFIfTLcOiPxkN/buHz5GobjLhixFuANaNs3C9l4GmrWqejgXWJ7BbJcFYpTEUkS1Ge8bpZQ=="],

    "@opentelemetry/exporter-metrics-otlp-http/@opentelemetry/resources": ["@opentelemetry/resources@2.0.1", "", { "dependencies": { "@opentelemetry/core": "2.0.1", "@opentelemetry/semantic-conventions": "^1.29.0" }, "peerDependencies": { "@opentelemetry/api": ">=1.3.0 <1.10.0" } }, "sha512-dZOB3R6zvBwDKnHDTB4X1xtMArB/d324VsbiPkX/Yu0Q8T2xceRthoIVFhJdvgVM2QhGVUyX9tzwiNxGtoBJUw=="],

    "@opentelemetry/exporter-trace-otlp-http/@opentelemetry/resources": ["@opentelemetry/resources@2.0.1", "", { "dependencies": { "@opentelemetry/core": "2.0.1", "@opentelemetry/semantic-conventions": "^1.29.0" }, "peerDependencies": { "@opentelemetry/api": ">=1.3.0 <1.10.0" } }, "sha512-dZOB3R6zvBwDKnHDTB4X1xtMArB/d324VsbiPkX/Yu0Q8T2xceRthoIVFhJdvgVM2QhGVUyX9tzwiNxGtoBJUw=="],

    "@opentelemetry/exporter-trace-otlp-http/@opentelemetry/sdk-trace-base": ["@opentelemetry/sdk-trace-base@2.0.1", "", { "dependencies": { "@opentelemetry/core": "2.0.1", "@opentelemetry/resources": "2.0.1", "@opentelemetry/semantic-conventions": "^1.29.0" }, "peerDependencies": { "@opentelemetry/api": ">=1.3.0 <1.10.0" } }, "sha512-xYLlvk/xdScGx1aEqvxLwf6sXQLXCjk3/1SQT9X9AoN5rXRhkdvIFShuNNmtTEPRBqcsMbS4p/gJLNI2wXaDuQ=="],

    "@opentelemetry/otlp-transformer/@opentelemetry/resources": ["@opentelemetry/resources@2.0.1", "", { "dependencies": { "@opentelemetry/core": "2.0.1", "@opentelemetry/semantic-conventions": "^1.29.0" }, "peerDependencies": { "@opentelemetry/api": ">=1.3.0 <1.10.0" } }, "sha512-dZOB3R6zvBwDKnHDTB4X1xtMArB/d324VsbiPkX/Yu0Q8T2xceRthoIVFhJdvgVM2QhGVUyX9tzwiNxGtoBJUw=="],

    "@opentelemetry/otlp-transformer/@opentelemetry/sdk-trace-base": ["@opentelemetry/sdk-trace-base@2.0.1", "", { "dependencies": { "@opentelemetry/core": "2.0.1", "@opentelemetry/resources": "2.0.1", "@opentelemetry/semantic-conventions": "^1.29.0" }, "peerDependencies": { "@opentelemetry/api": ">=1.3.0 <1.10.0" } }, "sha512-xYLlvk/xdScGx1aEqvxLwf6sXQLXCjk3/1SQT9X9AoN5rXRhkdvIFShuNNmtTEPRBqcsMbS4p/gJLNI2wXaDuQ=="],

    "@opentelemetry/resources/@opentelemetry/core": ["@opentelemetry/core@2.10.0", "", { "dependencies": { "@opentelemetry/semantic-conventions": "^1.29.0" }, "peerDependencies": { "@opentelemetry/api": ">=1.0.0 <1.10.0" } }, "sha512-/wNZ8twnEQQA4HoHu22+vcsdru6pWPWxW+7w+FlxT6Id7PE/WIbZmVKkte+PF72e0F2dnImFeHD2syyE1Mw6MQ=="],

    "@opentelemetry/sdk-logs/@opentelemetry/resources": ["@opentelemetry/resources@2.0.1", "", { "dependencies": { "@opentelemetry/core": "2.0.1", "@opentelemetry/semantic-conventions": "^1.29.0" }, "peerDependencies": { "@opentelemetry/api": ">=1.3.0 <1.10.0" } }, "sha512-dZOB3R6zvBwDKnHDTB4X1xtMArB/d324VsbiPkX/Yu0Q8T2xceRthoIVFhJdvgVM2QhGVUyX9tzwiNxGtoBJUw=="],

    "@opentelemetry/sdk-metrics/@opentelemetry/resources": ["@opentelemetry/resources@2.0.1", "", { "dependencies": { "@opentelemetry/core": "2.0.1", "@opentelemetry/semantic-conventions": "^1.29.0" }, "peerDependencies": { "@opentelemetry/api": ">=1.3.0 <1.10.0" } }, "sha512-dZOB3R6zvBwDKnHDTB4X1xtMArB/d324VsbiPkX/Yu0Q8T2xceRthoIVFhJdvgVM2QhGVUyX9tzwiNxGtoBJUw=="],

    "@opentelemetry/sdk-trace/@opentelemetry/core": ["@opentelemetry/core@2.10.0", "", { "dependencies": { "@opentelemetry/semantic-conventions": "^1.29.0" }, "peerDependencies": { "@opentelemetry/api": ">=1.0.0 <1.10.0" } }, "sha512-/wNZ8twnEQQA4HoHu22+vcsdru6pWPWxW+7w+FlxT6Id7PE/WIbZmVKkte+PF72e0F2dnImFeHD2syyE1Mw6MQ=="],

    "@opentelemetry/sdk-trace-base/@opentelemetry/core": ["@opentelemetry/core@2.10.0", "", { "dependencies": { "@opentelemetry/semantic-conventions": "^1.29.0" }, "peerDependencies": { "@opentelemetry/api": ">=1.0.0 <1.10.0" } }, "sha512-/wNZ8twnEQQA4HoHu22+vcsdru6pWPWxW+7w+FlxT6Id7PE/WIbZmVKkte+PF72e0F2dnImFeHD2syyE1Mw6MQ=="],
  }
}
