{
  "lockfileVersion": 1,
  "configVersion": 1,
  "workspaces": {
    "": {
      "name": "atlas-api",
      "dependencies": {
        "@fireweaveai/deploy-sdk": "^0.2.2",
        "@fireweaveai/sdk": "^2.1.0",
        "@openfeature/server-sdk": "^1.23.0",
        "@opentelemetry/api": "^1.9.0",
        "@opentelemetry/api-logs": "^0.203.0",
        "@opentelemetry/exporter-logs-otlp-http": "^0.203.0",
        "@opentelemetry/exporter-trace-otlp-http": "^0.203.0",
        "@opentelemetry/resources": "^2.0.0",
        "@opentelemetry/sdk-logs": "^0.203.0",
        "@opentelemetry/sdk-trace-base": "^2.0.0",
        "@opentelemetry/semantic-conventions": "^1.36.0",
      },
    },
  },
  "packages": {
    "@fireweaveai/deploy-sdk": ["@fireweaveai/deploy-sdk@0.2.2", "", { "dependencies": { "@openfeature/core": "^1.11.0", "@openfeature/server-sdk": "^1.22.0", "@openfeature/web-sdk": "^1.9.0", "@opentelemetry/api": "^1.9.1", "@opentelemetry/api-logs": "^0.219.0", "@opentelemetry/context-async-hooks": "^2.8.0", "@opentelemetry/core": "^2.8.0", "@opentelemetry/exporter-logs-otlp-http": "^0.219.0", "@opentelemetry/exporter-metrics-otlp-http": "^0.219.0", "@opentelemetry/exporter-trace-otlp-http": "^0.219.0", "@opentelemetry/resources": "^2.8.0", "@opentelemetry/sdk-logs": "^0.219.0", "@opentelemetry/sdk-metrics": "^2.8.0", "@opentelemetry/sdk-trace-base": "^2.8.0", "@opentelemetry/semantic-conventions": "^1.41.1", "posthog-js": "^1.395.0", "posthog-node": "^5.38.2", "ts-morph": "^28.0.0" } }, "sha512-PYgldFJZOPd9eoJTdwOnbHPGwyhG2E5rNkQ6ZJzqJeYVWwlTbc41xYFwT93h0O/RlgdZbxPF7V75/hGmpzgi4Q=="],

    "@fireweaveai/sdk": ["@fireweaveai/sdk@2.1.0", "", { "peerDependencies": { "@openfeature/server-sdk": "^1.22.0" } }, "sha512-05jb8NICojFZX0K4GOxPcW5T5CeVTTzzH8xtDYeOSY0e8aQduJs5UEFbPYxD/snYlBY0wJdBBDD8QCIzrkndFg=="],

    "@openfeature/core": ["@openfeature/core@1.12.0", "", {}, "sha512-7PCPzyd1OC19begz30+CRknFB0ChtyaZUhk7YWrk+Bov1fpVw0HYkTXtoxxsvPfDZB9P9WsT7uixN+Z8f9+bcA=="],

    "@openfeature/server-sdk": ["@openfeature/server-sdk@1.23.0", "", { "peerDependencies": { "@openfeature/core": "^1.12.0" } }, "sha512-JWeLvltJIV0AFgOfbw7hK9b9Rw/5wWq+RMhCIU9sJtAqarxr8hSPglG+JAGGhYdElAz3Qwe9W3ApWyPNkQEyqg=="],

    "@openfeature/web-sdk": ["@openfeature/web-sdk@1.10.0", "", { "peerDependencies": { "@openfeature/core": "^1.12.0" } }, "sha512-qf+JmJSnaslhegNwoDDLn2Cf72P6cIobuAQPUb61MSkzJOZuVLU6f9pv/90FlLcK6UDtp6od//xZHW712rBrmg=="],

    "@opentelemetry/api": ["@opentelemetry/api@1.9.1", "", {}, "sha512-gLyJlPHPZYdAk1JENA9LeHejZe1Ti77/pTeFm/nMXmQH/HFZlcS/O2XJB+L8fkbrNSqhdtlvjBVjxwUYanNH5Q=="],

    "@opentelemetry/api-logs": ["@opentelemetry/api-logs@0.203.0", "", { "dependencies": { "@opentelemetry/api": "^1.3.0" } }, "sha512-9B9RU0H7Ya1Dx/Rkyc4stuBZSGVQF27WigitInx2QQoj6KUpEFYPKoWjdFTunJYxmXmh17HeBvbMa1EhGyPmqQ=="],

    "@opentelemetry/context-async-hooks": ["@opentelemetry/context-async-hooks@2.10.0", "", { "peerDependencies": { "@opentelemetry/api": ">=1.0.0 <1.10.0" } }, "sha512-bvyMcgLEkozzSzpEEEo1OMoeQ97bxj6Qs2uN3mPrSdDvObMI1myffD/BPqcLlzZO9//d1SqQA/WPw7Cz2AiqhA=="],

    "@opentelemetry/core": ["@opentelemetry/core@2.10.0", "", { "dependencies": { "@opentelemetry/semantic-conventions": "^1.29.0" }, "peerDependencies": { "@opentelemetry/api": ">=1.0.0 <1.10.0" } }, "sha512-/wNZ8twnEQQA4HoHu22+vcsdru6pWPWxW+7w+FlxT6Id7PE/WIbZmVKkte+PF72e0F2dnImFeHD2syyE1Mw6MQ=="],

    "@opentelemetry/exporter-logs-otlp-http": ["@opentelemetry/exporter-logs-otlp-http@0.203.0", "", { "dependencies": { "@opentelemetry/api-logs": "0.203.0", "@opentelemetry/core": "2.0.1", "@opentelemetry/otlp-exporter-base": "0.203.0", "@opentelemetry/otlp-transformer": "0.203.0", "@opentelemetry/sdk-logs": "0.203.0" }, "peerDependencies": { "@opentelemetry/api": "^1.3.0" } }, "sha512-s0hys1ljqlMTbXx2XiplmMJg9wG570Z5lH7wMvrZX6lcODI56sG4HL03jklF63tBeyNwK2RV1/ntXGo3HgG4Qw=="],

    "@opentelemetry/exporter-metrics-otlp-http": ["@opentelemetry/exporter-metrics-otlp-http@0.219.0", "", { "dependencies": { "@opentelemetry/core": "2.8.0", "@opentelemetry/otlp-exporter-base": "0.219.0", "@opentelemetry/otlp-transformer": "0.219.0", "@opentelemetry/resources": "2.8.0", "@opentelemetry/sdk-metrics": "2.8.0" }, "peerDependencies": { "@opentelemetry/api": "^1.3.0" } }, "sha512-6CaDRbMVHZSDWzNXwrR8y/H4B/Z1eMNnkHiPQlTx3Ojz2OHY4X/aff/UC4P/3pHUQSuTfi3oh2UsPPZppw+Vrg=="],

    "@opentelemetry/exporter-trace-otlp-http": ["@opentelemetry/exporter-trace-otlp-http@0.203.0", "", { "dependencies": { "@opentelemetry/core": "2.0.1", "@opentelemetry/otlp-exporter-base": "0.203.0", "@opentelemetry/otlp-transformer": "0.203.0", "@opentelemetry/resources": "2.0.1", "@opentelemetry/sdk-trace-base": "2.0.1" }, "peerDependencies": { "@opentelemetry/api": "^1.3.0" } }, "sha512-ZDiaswNYo0yq/cy1bBLJFe691izEJ6IgNmkjm4C6kE9ub/OMQqDXORx2D2j8fzTBTxONyzusbaZlqtfmyqURPw=="],

    "@opentelemetry/otlp-exporter-base": ["@opentelemetry/otlp-exporter-base@0.203.0", "", { "dependencies": { "@opentelemetry/core": "2.0.1", "@opentelemetry/otlp-transformer": "0.203.0" }, "peerDependencies": { "@opentelemetry/api": "^1.3.0" } }, "sha512-Wbxf7k+87KyvxFr5D7uOiSq/vHXWommvdnNE7vECO3tAhsA2GfOlpWINCMWUEPdHZ7tCXxw6Epp3vgx3jU7llQ=="],

    "@opentelemetry/otlp-transformer": ["@opentelemetry/otlp-transformer@0.203.0", "", { "dependencies": { "@opentelemetry/api-logs": "0.203.0", "@opentelemetry/core": "2.0.1", "@opentelemetry/resources": "2.0.1", "@opentelemetry/sdk-logs": "0.203.0", "@opentelemetry/sdk-metrics": "2.0.1", "@opentelemetry/sdk-trace-base": "2.0.1", "protobufjs": "^7.3.0" }, "peerDependencies": { "@opentelemetry/api": "^1.3.0" } }, "sha512-Y8I6GgoCna0qDQ2W6GCRtaF24SnvqvA8OfeTi7fqigD23u8Jpb4R5KFv/pRvrlGagcCLICMIyh9wiejp4TXu/A=="],

    "@opentelemetry/resources": ["@opentelemetry/resources@2.10.0", "", { "dependencies": { "@opentelemetry/core": "2.10.0", "@opentelemetry/semantic-conventions": "^1.29.0" }, "peerDependencies": { "@opentelemetry/api": ">=1.3.0 <1.10.0" } }, "sha512-q6MMm2zhggzsHVNbabYwut+a6nbuQQe3URUoxaojM/8K1IBfwwPzvxIjNi2/lI1TFe+fMHMW9MWhrtDLEXEnkA=="],

    "@opentelemetry/sdk-logs": ["@opentelemetry/sdk-logs@0.203.0", "", { "dependencies": { "@opentelemetry/api-logs": "0.203.0", "@opentelemetry/core": "2.0.1", "@opentelemetry/resources": "2.0.1" }, "peerDependencies": { "@opentelemetry/api": ">=1.4.0 <1.10.0" } }, "sha512-vM2+rPq0Vi3nYA5akQD2f3QwossDnTDLvKbea6u/A2NZ3XDkPxMfo/PNrDoXhDUD/0pPo2CdH5ce/thn9K0kLw=="],

    "@opentelemetry/sdk-metrics": ["@opentelemetry/sdk-metrics@2.10.0", "", { "dependencies": { "@opentelemetry/core": "2.10.0", "@opentelemetry/resources": "2.10.0" }, "peerDependencies": { "@opentelemetry/api": ">=1.9.0 <1.10.0" } }, "sha512-t6r1VSvXNtSDnPXU1FbZeetJb7yyovHmgu0wRSoftxtE0g2rSNhQZQUy69sRUCL+iioJpX8SN/S6wq6ZtvLySQ=="],

    "@opentelemetry/sdk-trace": ["@opentelemetry/sdk-trace@2.10.0", "", { "dependencies": { "@opentelemetry/core": "2.10.0", "@opentelemetry/resources": "2.10.0", "@opentelemetry/semantic-conventions": "^1.29.0" }, "peerDependencies": { "@opentelemetry/api": ">=1.3.0 <1.10.0" } }, "sha512-MfQGq3GRmTh5fM/y+OjaO0vj6+luCB1XO2gfXCalKCfgKw0eHL++sm75DNweC6ohlp+aFvACqeE0fYayqdRaoQ=="],

    "@opentelemetry/sdk-trace-base": ["@opentelemetry/sdk-trace-base@2.10.0", "", { "dependencies": { "@opentelemetry/core": "2.10.0", "@opentelemetry/resources": "2.10.0", "@opentelemetry/sdk-trace": "2.10.0", "@opentelemetry/semantic-conventions": "^1.29.0" }, "peerDependencies": { "@opentelemetry/api": ">=1.3.0 <1.10.0" } }, "sha512-GuYQQT7QD2EeO8lcZLRQzcbOyhqAzL+6WWTKTU9mSUBYBazkEDl+VrQcXQhbB08OWM9anD1aHleVadzulpOaUQ=="],

    "@opentelemetry/semantic-conventions": ["@opentelemetry/semantic-conventions@1.43.0", "", {}, "sha512-eSYWTm620tTk45EKSedaUL8MFYI8hW164hIXsgIHyxu3VobUB3fFCu5t0hQby6OoWRPsG1KkKUG2M5UadiLiVg=="],

    "@posthog/browser-common": ["@posthog/browser-common@0.5.0", "", { "dependencies": { "@posthog/core": "^1.47.0", "@posthog/types": "^1.402.2" } }, "sha512-8DaxVZS1bQPbA514RePurLNbYjei3P4jhnC206DwVv5XThmZM3QdlsXenI2ujE3pLbgQ79hYn9o1Kda8I3WK/Q=="],

    "@posthog/core": ["@posthog/core@1.48.8", "", { "dependencies": { "@posthog/types": "^1.405.1" } }, "sha512-LAOBOjMQrQmgcbZxnubl74l2GQd5OWqxCJJ8mzcWdZRWbfO6Y/A6E3fqWjDtm68hY4LxC/bbopG60cxZW8cfWw=="],

    "@posthog/types": ["@posthog/types@1.405.1", "", {}, "sha512-JvaR4ChUKUk7qSTG58vKN2Br6es9riFF5mvlu7YGcwbB476vfyTO0o/TBh+zE88QhsfxnE5Tr/jKxI+e1v3Q5A=="],

    "@protobufjs/aspromise": ["@protobufjs/aspromise@1.1.2", "", {}, "sha512-j+gKExEuLmKwvz3OgROXtrJ2UG2x8Ch2YZUxahh+s1F2HZ+wAceUNLkvy6zKCPVRkU++ZWQrdxsUeQXmcg4uoQ=="],

    "@protobufjs/base64": ["@protobufjs/base64@1.1.2", "", {}, "sha512-AZkcAA5vnN/v4PDqKyMR5lx7hZttPDgClv83E//FMNhR2TMcLUhfRUBHCmSl0oi9zMgDDqRUJkSxO3wm85+XLg=="],

    "@protobufjs/codegen": ["@protobufjs/codegen@2.0.5", "", {}, "sha512-zgXFLzW3Ap33e6d0Wlj4MGIm6Ce8O89n/apUaGNB/jx+hw+ruWEp7EwGUshdLKVRCxZW12fp9r40E1mQrf/34g=="],

    "@protobufjs/eventemitter": ["@protobufjs/eventemitter@1.1.1", "", {}, "sha512-vW1GmwMZNnL+gMRaovlh9yZX74kc+TTU3FObkkurpMaRtBfLP3ldjS9KQWlwZgraRE0+dheEEoAxdzcJQ8eXZg=="],

    "@protobufjs/fetch": ["@protobufjs/fetch@1.1.1", "", { "dependencies": { "@protobufjs/aspromise": "^1.1.1" } }, "sha512-GpptLrs57adMSuHi3VNj0mAF8dwh36LMaYF6XyJ6JMWlVsc+t42tm1HSEDmOs3A8fC9yyeisgLhsTVQokOZ0zw=="],

    "@protobufjs/float": ["@protobufjs/float@1.0.2", "", {}, "sha512-Ddb+kVXlXst9d+R9PfTIxh1EdNkgoRe5tOX6t01f1lYWOvJnSPDBlG241QLzcyPdoNTsblLUdujGSE4RzrTZGQ=="],

    "@protobufjs/path": ["@protobufjs/path@1.1.2", "", {}, "sha512-6JOcJ5Tm08dOHAbdR3GrvP+yUUfkjG5ePsHYczMFLq3ZmMkAD98cDgcT2iA1lJ9NVwFd4tH/iSSoe44YWkltEA=="],

    "@protobufjs/pool": ["@protobufjs/pool@1.1.0", "", {}, "sha512-0kELaGSIDBKvcgS4zkjz1PeddatrjYcmMWOlAuAPwAeccUrPHdUqo/J6LiymHHEiJT5NrF1UVwxY14f+fy4WQw=="],

    "@protobufjs/utf8": ["@protobufjs/utf8@1.1.2", "", {}, "sha512-b1UQwcEZ4yCnMCD8DAL1VlbvBJE9/IX4FTIp7BG1xYpf29SLazLSrqUkj4w7Y5y7cCVP6E5tcqqcI0xemPkHug=="],

    "@ts-morph/common": ["@ts-morph/common@0.29.0", "", { "dependencies": { "minimatch": "^10.0.1", "path-browserify": "^1.0.1", "tinyglobby": "^0.2.14" } }, "sha512-35oUmphHbJvQ/+UTwFNme/t2p3FoKiGJ5auTjjpNTop2dyREspirjMy82PLSC1pnDJ8ah1GU98hwpVt64YXQsg=="],

    "@types/node": ["@types/node@26.2.0", "", { "dependencies": { "undici-types": "~8.3.0" } }, "sha512-5IviulTZeRNp2vAJ514cc/HUlY5nZ9fCbq9DMyC52BrhFZACo3nI0R7qBxhQmo/d27NFe96ur/b7Wwxklda+kg=="],

    "@types/trusted-types": ["@types/trusted-types@2.0.7", "", {}, "sha512-ScaPdn1dQczgbl0QFTeTOmVHFULt394XJgOQNoyVhZ6r2vLnMLJfBPd53SB52T/3G36VI1/g2MZaX0cwDuXsfw=="],

    "balanced-match": ["balanced-match@4.0.4", "", {}, "sha512-BLrgEcRTwX2o6gGxGOCNyMvGSp35YofuYzw9h1IMTRmKqttAZZVU67bdb9Pr2vUHA8+j3i2tJfjO6C6+4myGTA=="],

    "brace-expansion": ["brace-expansion@5.0.9", "", { "dependencies": { "balanced-match": "^4.0.2" } }, "sha512-ScQ4IuvIEF1TMlP7Zt+vjJ//9zlPb2SDcxWxM3bk8s6t6GGdJ7KO1dCcTidOPJKePW30LE/2cT7wCyPho9/Wxg=="],

    "code-block-writer": ["code-block-writer@13.0.3", "", {}, "sha512-Oofo0pq3IKnsFtuHqSF7TqBfr71aeyZDVJ0HpmqB7FBM2qEigL0iPONSCZSO9pE9dZTAxANe5XHG9Uy0YMv8cg=="],

    "core-js": ["core-js@3.50.0", "", {}, "sha512-BRWgOLKkFeCgRudR6zrs8p9XJZcE14grzKMMssoYrk6krtuEZ7MTKPIY5RzOnqsEKIR9kst7wNzphttraT+Yqw=="],

    "dompurify": ["dompurify@3.4.14", "", { "optionalDependencies": { "@types/trusted-types": "^2.0.7" } }, "sha512-dVoH9z+MY+C9IilgGCk3YfFqjLi3fChm2OiKJMzh6axrJ5qwxqWaZamgmHrpv22CN/KdbZJuGEGgfQoL00LTdg=="],

    "fdir": ["fdir@6.5.0", "", { "peerDependencies": { "picomatch": "^3 || ^4" }, "optionalPeers": ["picomatch"] }, "sha512-tIbYtZbucOs0BRGqPJkshJUYdL+SDH7dVM8gjy+ERp3WAUjLEFJE+02kanyHtwjWOnwrKYBiwAmM0p4kLJAnXg=="],

    "fflate": ["fflate@0.4.9", "", {}, "sha512-zdxgIEddhfsyCaWpJ2SdXEP8ZMrKJ6+5jl4OupODcywU0IhRk6gdXuVGcPICyfx2H97hVK7xmJtRLPjkxAX8Vw=="],

    "long": ["long@5.3.2", "", {}, "sha512-mNAgZ1GmyNhD7AuqnTG3/VQ26o760+ZYBPKjPvugO8+nLbYfX6TVpJPseBvopbdY+qpZ/lKUnmEc1LeZYS3QAA=="],

    "minimatch": ["minimatch@10.2.6", "", { "dependencies": { "brace-expansion": "^5.0.8" } }, "sha512-vpLQEs+VLCr1nU0BXS07maYoFwlDAH0gngQuuttxIwutDFEMHq2blX+8vpgxDdK3J1PwjCJiep77OitTZ4Ll1A=="],

    "path-browserify": ["path-browserify@1.0.1", "", {}, "sha512-b7uo2UCUOYZcnF/3ID0lulOJi/bafxa1xPe7ZPsammBSpjSWQkjNxlt635YGS2MiR9GjvuXCtz2emr3jbsz98g=="],

    "picomatch": ["picomatch@4.0.5", "", {}, "sha512-RvwwcruNjI1ncT5xRakeyS9Lf8lcItv34KD+aif+VH9kduAyfYBipGh12274xtenIPZ119/R9BdTBa8gAwSh0A=="],

    "posthog-js": ["posthog-js@1.418.10", "", { "dependencies": { "@posthog/browser-common": "^0.5.0", "@posthog/core": "^1.48.8", "@posthog/types": "^1.405.1", "core-js": "^3.49.0", "dompurify": "^3.4.13", "fflate": "^0.4.8", "preact": "^10.29.3", "query-selector-shadow-dom": "^1.0.1", "web-vitals": "^5.3.0", "web-vitals-soft-navs": "npm:web-vitals@6.0.0" } }, "sha512-XMvmmnuFoesSPjFo+wvzXkvuzYqIho8CVqxugG1Wt768offFARYNZDd1/xWfm9vk/pJTJ4RhUEHRzLpggmGx9Q=="],

    "posthog-node": ["posthog-node@5.50.0", "", { "dependencies": { "@posthog/core": "^1.48.8" }, "peerDependencies": { "rxjs": "^7.0.0" }, "optionalPeers": ["rxjs"] }, "sha512-7trcTN4EcPBiYAI1nnD1rk+VB+OcjgN0Mdnp7kOK09PTCSW0LCAUVAYj3FD7u8Ne5zYCnW/ESv6k3VU7sOsL5w=="],

    "preact": ["preact@10.29.8", "", { "peerDependencies": { "preact-render-to-string": ">=5" }, "optionalPeers": ["preact-render-to-string"] }, "sha512-ej2aVZ+vZ8WO7tvlQWRM9N63A0KzF9q4mWJfDUHgYaIofWY9hu74QdnQrjoPMmZi2/nZ5gN0bJCQF49xQqx09Q=="],

    "protobufjs": ["protobufjs@7.6.5", "", { "dependencies": { "@protobufjs/aspromise": "^1.1.2", "@protobufjs/base64": "^1.1.2", "@protobufjs/codegen": "^2.0.5", "@protobufjs/eventemitter": "^1.1.1", "@protobufjs/fetch": "^1.1.1", "@protobufjs/float": "^1.0.2", "@protobufjs/path": "^1.1.2", "@protobufjs/pool": "^1.1.0", "@protobufjs/utf8": "^1.1.1", "@types/node": ">=13.7.0", "long": "^5.3.2" } }, "sha512-/FPD0nUc9jH6rfFjji9IBqOz4pcSE3CsT1m7Ep6Mdb0LxSUMj8hgl6GomOvZzpNpAqqGaXA0P3VSrZLFzIhQrw=="],

    "query-selector-shadow-dom": ["query-selector-shadow-dom@1.0.1", "", {}, "sha512-lT5yCqEBgfoMYpf3F2xQRK7zEr1rhIIZuceDK6+xRkJQ4NMbHTwXqk4NkwDwQMNqXgG9r9fyHnzwNVs6zV5KRw=="],

    "tinyglobby": ["tinyglobby@0.2.17", "", { "dependencies": { "fdir": "^6.5.0", "picomatch": "^4.0.4" } }, "sha512-wXR/dYpcqKmfWpEdZjiKJOwCNFndD0DMnrW/cYjVGttEkBfVgcLFHoNrlj47mjOVic9yyNu65alsgF4NQyTa2g=="],

    "ts-morph": ["ts-morph@28.0.0", "", { "dependencies": { "@ts-morph/common": "~0.29.0", "code-block-writer": "^13.0.3" } }, "sha512-Wp3tnZ2bzwxyTZMtgWVzXDfm7lB1Drz+y9DmmYH/L702PQhPyVrp3pkou3yIz4qjS14GY9kcpmLiOOMvl8oG1g=="],

    "undici-types": ["undici-types@8.3.0", "", {}, "sha512-j375ScV60dom+YkPFIfTLcOiPxkN/buHz5GobjLhixFuANaNs3C9l4GmrWqejgXWJ7BbJcFYpTEUkS1Ge8bpZQ=="],

    "web-vitals": ["web-vitals@5.3.0", "", {}, "sha512-q6LWsLatGYZp5VGBIOvbTj6JBV2nOmC8KvWztXBmwJcfFAzhwKwbOxhUH306XY3CcaZDUlSmSuNPBsCn0bFu+g=="],

    "web-vitals-soft-navs": ["web-vitals@6.0.0", "", {}, "sha512-Guaibvy/+uNtL6Bsu4jmMJGzuSl91oeRH5iO9pPRbYftnFUr3yqT1TUNX/OE4o9HexuEMU3Kb/Wg7iKhlffZUA=="],

    "@fireweaveai/deploy-sdk/@opentelemetry/api-logs": ["@opentelemetry/api-logs@0.219.0", "", { "dependencies": { "@opentelemetry/api": "^1.3.0" } }, "sha512-FFx7YnaYJlIjqWW/AG/yAZ0L/NEY724PipXXXQLdtZPbLwBGbUMTGL1i/esI56TWfTUXxhLfpgrnWJCG8aUJyg=="],

    "@fireweaveai/deploy-sdk/@opentelemetry/exporter-logs-otlp-http": ["@opentelemetry/exporter-logs-otlp-http@0.219.0", "", { "dependencies": { "@opentelemetry/api-logs": "0.219.0", "@opentelemetry/core": "2.8.0", "@opentelemetry/otlp-exporter-base": "0.219.0", "@opentelemetry/otlp-transformer": "0.219.0", "@opentelemetry/sdk-logs": "0.219.0" }, "peerDependencies": { "@opentelemetry/api": "^1.3.0" } }, "sha512-mhl2HL6GmZI8b8PwPfqMws/5ovJfbRTxwc9Y5agVVHiQ+e5SL1btsFr/kJDgt7YCexDtsUn5HAreHQO9szFS0A=="],

    "@fireweaveai/deploy-sdk/@opentelemetry/exporter-trace-otlp-http": ["@opentelemetry/exporter-trace-otlp-http@0.219.0", "", { "dependencies": { "@opentelemetry/core": "2.8.0", "@opentelemetry/otlp-exporter-base": "0.219.0", "@opentelemetry/otlp-transformer": "0.219.0", "@opentelemetry/resources": "2.8.0", "@opentelemetry/sdk-trace-base": "2.8.0" }, "peerDependencies": { "@opentelemetry/api": "^1.3.0" } }, "sha512-9t6SvBXXBEjOBcIzgozvBbd3jWrv3Gt3ngGhl1fhdZ/zRc7oZDVOFEqbi2zlBpW9BXhgDMKv422J0DL/3iQWfw=="],

    "@fireweaveai/deploy-sdk/@opentelemetry/sdk-logs": ["@opentelemetry/sdk-logs@0.219.0", "", { "dependencies": { "@opentelemetry/api-logs": "0.219.0", "@opentelemetry/core": "2.8.0", "@opentelemetry/resources": "2.8.0", "@opentelemetry/semantic-conventions": "^1.29.0" }, "peerDependencies": { "@opentelemetry/api": ">=1.4.0 <1.10.0" } }, "sha512-s6lTKRakaPClvKoWHRChxnXjDMkM/TQ30ff78jN6EBGf7MI7VzANE5PU3f4z9qDUudWjvZjOLHG0rBnBKYvoXA=="],

    "@opentelemetry/exporter-logs-otlp-http/@opentelemetry/core": ["@opentelemetry/core@2.0.1", "", { "dependencies": { "@opentelemetry/semantic-conventions": "^1.29.0" }, "peerDependencies": { "@opentelemetry/api": ">=1.0.0 <1.10.0" } }, "sha512-MaZk9SJIDgo1peKevlbhP6+IwIiNPNmswNL4AF0WaQJLbHXjr9SrZMgS12+iqr9ToV4ZVosCcc0f8Rg67LXjxw=="],

    "@opentelemetry/exporter-metrics-otlp-http/@opentelemetry/core": ["@opentelemetry/core@2.8.0", "", { "dependencies": { "@opentelemetry/semantic-conventions": "^1.29.0" }, "peerDependencies": { "@opentelemetry/api": ">=1.0.0 <1.10.0" } }, "sha512-hd1Lfh8p545nNz+jq1Ejfz+Mn1hyLuxYn1YzTfFNrxr8urEWMNQLPf1Th8kjOH+HxwawCrtgBp8JpBUR4ZSgww=="],

    "@opentelemetry/exporter-metrics-otlp-http/@opentelemetry/otlp-exporter-base": ["@opentelemetry/otlp-exporter-base@0.219.0", "", { "dependencies": { "@opentelemetry/core": "2.8.0", "@opentelemetry/otlp-transformer": "0.219.0" }, "peerDependencies": { "@opentelemetry/api": "^1.3.0" } }, "sha512-zvIxQX/AZUVKDU+hCuYx+7UkiP7GRdnk1ZbFQRYzHvYp47cAWR4j3IhoPhV9KaeXEv2xdGq3IA6PnpzDmLcmSA=="],

    "@opentelemetry/exporter-metrics-otlp-http/@opentelemetry/otlp-transformer": ["@opentelemetry/otlp-transformer@0.219.0", "", { "dependencies": { "@opentelemetry/api-logs": "0.219.0", "@opentelemetry/core": "2.8.0", "@opentelemetry/resources": "2.8.0", "@opentelemetry/sdk-logs": "0.219.0", "@opentelemetry/sdk-metrics": "2.8.0", "@opentelemetry/sdk-trace-base": "2.8.0" }, "peerDependencies": { "@opentelemetry/api": "^1.3.0" } }, "sha512-aaYKAyXhw9VchKZVGOopD3Gw/kPsyrX2c6IQ0AW32mTjqmZOh5Y6Gf5OYqTNqVktAeBjmFinhyFaCwW6GYK9YQ=="],

    "@opentelemetry/exporter-metrics-otlp-http/@opentelemetry/resources": ["@opentelemetry/resources@2.8.0", "", { "dependencies": { "@opentelemetry/core": "2.8.0", "@opentelemetry/semantic-conventions": "^1.29.0" }, "peerDependencies": { "@opentelemetry/api": ">=1.3.0 <1.10.0" } }, "sha512-qmXQ27ilDbUK/vGMqwL8D4/rhn76C+sherM4wTbjlfknR8Nvfc/hCxjRJPhkzZzUsPiNg16SA31NxMabwttRjg=="],

    "@opentelemetry/exporter-metrics-otlp-http/@opentelemetry/sdk-metrics": ["@opentelemetry/sdk-metrics@2.8.0", "", { "dependencies": { "@opentelemetry/core": "2.8.0", "@opentelemetry/resources": "2.8.0" }, "peerDependencies": { "@opentelemetry/api": ">=1.9.0 <1.10.0" } }, "sha512-UDBGaj6W0Rgy5rTTaoxs8gVGF/aGkAKyjurJv7se6wjRxJu7FoquTLT/vt54DZfo4crbprYfhX/SOK9+BPw1qg=="],

    "@opentelemetry/exporter-trace-otlp-http/@opentelemetry/core": ["@opentelemetry/core@2.0.1", "", { "dependencies": { "@opentelemetry/semantic-conventions": "^1.29.0" }, "peerDependencies": { "@opentelemetry/api": ">=1.0.0 <1.10.0" } }, "sha512-MaZk9SJIDgo1peKevlbhP6+IwIiNPNmswNL4AF0WaQJLbHXjr9SrZMgS12+iqr9ToV4ZVosCcc0f8Rg67LXjxw=="],

    "@opentelemetry/exporter-trace-otlp-http/@opentelemetry/resources": ["@opentelemetry/resources@2.0.1", "", { "dependencies": { "@opentelemetry/core": "2.0.1", "@opentelemetry/semantic-conventions": "^1.29.0" }, "peerDependencies": { "@opentelemetry/api": ">=1.3.0 <1.10.0" } }, "sha512-dZOB3R6zvBwDKnHDTB4X1xtMArB/d324VsbiPkX/Yu0Q8T2xceRthoIVFhJdvgVM2QhGVUyX9tzwiNxGtoBJUw=="],

    "@opentelemetry/exporter-trace-otlp-http/@opentelemetry/sdk-trace-base": ["@opentelemetry/sdk-trace-base@2.0.1", "", { "dependencies": { "@opentelemetry/core": "2.0.1", "@opentelemetry/resources": "2.0.1", "@opentelemetry/semantic-conventions": "^1.29.0" }, "peerDependencies": { "@opentelemetry/api": ">=1.3.0 <1.10.0" } }, "sha512-xYLlvk/xdScGx1aEqvxLwf6sXQLXCjk3/1SQT9X9AoN5rXRhkdvIFShuNNmtTEPRBqcsMbS4p/gJLNI2wXaDuQ=="],

    "@opentelemetry/otlp-exporter-base/@opentelemetry/core": ["@opentelemetry/core@2.0.1", "", { "dependencies": { "@opentelemetry/semantic-conventions": "^1.29.0" }, "peerDependencies": { "@opentelemetry/api": ">=1.0.0 <1.10.0" } }, "sha512-MaZk9SJIDgo1peKevlbhP6+IwIiNPNmswNL4AF0WaQJLbHXjr9SrZMgS12+iqr9ToV4ZVosCcc0f8Rg67LXjxw=="],

    "@opentelemetry/otlp-transformer/@opentelemetry/core": ["@opentelemetry/core@2.0.1", "", { "dependencies": { "@opentelemetry/semantic-conventions": "^1.29.0" }, "peerDependencies": { "@opentelemetry/api": ">=1.0.0 <1.10.0" } }, "sha512-MaZk9SJIDgo1peKevlbhP6+IwIiNPNmswNL4AF0WaQJLbHXjr9SrZMgS12+iqr9ToV4ZVosCcc0f8Rg67LXjxw=="],

    "@opentelemetry/otlp-transformer/@opentelemetry/resources": ["@opentelemetry/resources@2.0.1", "", { "dependencies": { "@opentelemetry/core": "2.0.1", "@opentelemetry/semantic-conventions": "^1.29.0" }, "peerDependencies": { "@opentelemetry/api": ">=1.3.0 <1.10.0" } }, "sha512-dZOB3R6zvBwDKnHDTB4X1xtMArB/d324VsbiPkX/Yu0Q8T2xceRthoIVFhJdvgVM2QhGVUyX9tzwiNxGtoBJUw=="],

    "@opentelemetry/otlp-transformer/@opentelemetry/sdk-metrics": ["@opentelemetry/sdk-metrics@2.0.1", "", { "dependencies": { "@opentelemetry/core": "2.0.1", "@opentelemetry/resources": "2.0.1" }, "peerDependencies": { "@opentelemetry/api": ">=1.9.0 <1.10.0" } }, "sha512-wf8OaJoSnujMAHWR3g+/hGvNcsC16rf9s1So4JlMiFaFHiE4HpIA3oUh+uWZQ7CNuK8gVW/pQSkgoa5HkkOl0g=="],

    "@opentelemetry/otlp-transformer/@opentelemetry/sdk-trace-base": ["@opentelemetry/sdk-trace-base@2.0.1", "", { "dependencies": { "@opentelemetry/core": "2.0.1", "@opentelemetry/resources": "2.0.1", "@opentelemetry/semantic-conventions": "^1.29.0" }, "peerDependencies": { "@opentelemetry/api": ">=1.3.0 <1.10.0" } }, "sha512-xYLlvk/xdScGx1aEqvxLwf6sXQLXCjk3/1SQT9X9AoN5rXRhkdvIFShuNNmtTEPRBqcsMbS4p/gJLNI2wXaDuQ=="],

    "@opentelemetry/sdk-logs/@opentelemetry/core": ["@opentelemetry/core@2.0.1", "", { "dependencies": { "@opentelemetry/semantic-conventions": "^1.29.0" }, "peerDependencies": { "@opentelemetry/api": ">=1.0.0 <1.10.0" } }, "sha512-MaZk9SJIDgo1peKevlbhP6+IwIiNPNmswNL4AF0WaQJLbHXjr9SrZMgS12+iqr9ToV4ZVosCcc0f8Rg67LXjxw=="],

    "@opentelemetry/sdk-logs/@opentelemetry/resources": ["@opentelemetry/resources@2.0.1", "", { "dependencies": { "@opentelemetry/core": "2.0.1", "@opentelemetry/semantic-conventions": "^1.29.0" }, "peerDependencies": { "@opentelemetry/api": ">=1.3.0 <1.10.0" } }, "sha512-dZOB3R6zvBwDKnHDTB4X1xtMArB/d324VsbiPkX/Yu0Q8T2xceRthoIVFhJdvgVM2QhGVUyX9tzwiNxGtoBJUw=="],

    "@fireweaveai/deploy-sdk/@opentelemetry/exporter-logs-otlp-http/@opentelemetry/core": ["@opentelemetry/core@2.8.0", "", { "dependencies": { "@opentelemetry/semantic-conventions": "^1.29.0" }, "peerDependencies": { "@opentelemetry/api": ">=1.0.0 <1.10.0" } }, "sha512-hd1Lfh8p545nNz+jq1Ejfz+Mn1hyLuxYn1YzTfFNrxr8urEWMNQLPf1Th8kjOH+HxwawCrtgBp8JpBUR4ZSgww=="],

    "@fireweaveai/deploy-sdk/@opentelemetry/exporter-logs-otlp-http/@opentelemetry/otlp-exporter-base": ["@opentelemetry/otlp-exporter-base@0.219.0", "", { "dependencies": { "@opentelemetry/core": "2.8.0", "@opentelemetry/otlp-transformer": "0.219.0" }, "peerDependencies": { "@opentelemetry/api": "^1.3.0" } }, "sha512-zvIxQX/AZUVKDU+hCuYx+7UkiP7GRdnk1ZbFQRYzHvYp47cAWR4j3IhoPhV9KaeXEv2xdGq3IA6PnpzDmLcmSA=="],

    "@fireweaveai/deploy-sdk/@opentelemetry/exporter-logs-otlp-http/@opentelemetry/otlp-transformer": ["@opentelemetry/otlp-transformer@0.219.0", "", { "dependencies": { "@opentelemetry/api-logs": "0.219.0", "@opentelemetry/core": "2.8.0", "@opentelemetry/resources": "2.8.0", "@opentelemetry/sdk-logs": "0.219.0", "@opentelemetry/sdk-metrics": "2.8.0", "@opentelemetry/sdk-trace-base": "2.8.0" }, "peerDependencies": { "@opentelemetry/api": "^1.3.0" } }, "sha512-aaYKAyXhw9VchKZVGOopD3Gw/kPsyrX2c6IQ0AW32mTjqmZOh5Y6Gf5OYqTNqVktAeBjmFinhyFaCwW6GYK9YQ=="],

    "@fireweaveai/deploy-sdk/@opentelemetry/exporter-trace-otlp-http/@opentelemetry/core": ["@opentelemetry/core@2.8.0", "", { "dependencies": { "@opentelemetry/semantic-conventions": "^1.29.0" }, "peerDependencies": { "@opentelemetry/api": ">=1.0.0 <1.10.0" } }, "sha512-hd1Lfh8p545nNz+jq1Ejfz+Mn1hyLuxYn1YzTfFNrxr8urEWMNQLPf1Th8kjOH+HxwawCrtgBp8JpBUR4ZSgww=="],

    "@fireweaveai/deploy-sdk/@opentelemetry/exporter-trace-otlp-http/@opentelemetry/otlp-exporter-base": ["@opentelemetry/otlp-exporter-base@0.219.0", "", { "dependencies": { "@opentelemetry/core": "2.8.0", "@opentelemetry/otlp-transformer": "0.219.0" }, "peerDependencies": { "@opentelemetry/api": "^1.3.0" } }, "sha512-zvIxQX/AZUVKDU+hCuYx+7UkiP7GRdnk1ZbFQRYzHvYp47cAWR4j3IhoPhV9KaeXEv2xdGq3IA6PnpzDmLcmSA=="],

    "@fireweaveai/deploy-sdk/@opentelemetry/exporter-trace-otlp-http/@opentelemetry/otlp-transformer": ["@opentelemetry/otlp-transformer@0.219.0", "", { "dependencies": { "@opentelemetry/api-logs": "0.219.0", "@opentelemetry/core": "2.8.0", "@opentelemetry/resources": "2.8.0", "@opentelemetry/sdk-logs": "0.219.0", "@opentelemetry/sdk-metrics": "2.8.0", "@opentelemetry/sdk-trace-base": "2.8.0" }, "peerDependencies": { "@opentelemetry/api": "^1.3.0" } }, "sha512-aaYKAyXhw9VchKZVGOopD3Gw/kPsyrX2c6IQ0AW32mTjqmZOh5Y6Gf5OYqTNqVktAeBjmFinhyFaCwW6GYK9YQ=="],

    "@fireweaveai/deploy-sdk/@opentelemetry/exporter-trace-otlp-http/@opentelemetry/resources": ["@opentelemetry/resources@2.8.0", "", { "dependencies": { "@opentelemetry/core": "2.8.0", "@opentelemetry/semantic-conventions": "^1.29.0" }, "peerDependencies": { "@opentelemetry/api": ">=1.3.0 <1.10.0" } }, "sha512-qmXQ27ilDbUK/vGMqwL8D4/rhn76C+sherM4wTbjlfknR8Nvfc/hCxjRJPhkzZzUsPiNg16SA31NxMabwttRjg=="],

    "@fireweaveai/deploy-sdk/@opentelemetry/exporter-trace-otlp-http/@opentelemetry/sdk-trace-base": ["@opentelemetry/sdk-trace-base@2.8.0", "", { "dependencies": { "@opentelemetry/core": "2.8.0", "@opentelemetry/resources": "2.8.0", "@opentelemetry/semantic-conventions": "^1.29.0" }, "peerDependencies": { "@opentelemetry/api": ">=1.3.0 <1.10.0" } }, "sha512-mhU4jp+vW0mGbFRd+GeXHvmfA4aDqWjBjLC3pE5XMpLs0IE2ryYb019Ts2AQrOq67gaTF25D91+fgvEHDZEnuQ=="],

    "@fireweaveai/deploy-sdk/@opentelemetry/sdk-logs/@opentelemetry/core": ["@opentelemetry/core@2.8.0", "", { "dependencies": { "@opentelemetry/semantic-conventions": "^1.29.0" }, "peerDependencies": { "@opentelemetry/api": ">=1.0.0 <1.10.0" } }, "sha512-hd1Lfh8p545nNz+jq1Ejfz+Mn1hyLuxYn1YzTfFNrxr8urEWMNQLPf1Th8kjOH+HxwawCrtgBp8JpBUR4ZSgww=="],

    "@fireweaveai/deploy-sdk/@opentelemetry/sdk-logs/@opentelemetry/resources": ["@opentelemetry/resources@2.8.0", "", { "dependencies": { "@opentelemetry/core": "2.8.0", "@opentelemetry/semantic-conventions": "^1.29.0" }, "peerDependencies": { "@opentelemetry/api": ">=1.3.0 <1.10.0" } }, "sha512-qmXQ27ilDbUK/vGMqwL8D4/rhn76C+sherM4wTbjlfknR8Nvfc/hCxjRJPhkzZzUsPiNg16SA31NxMabwttRjg=="],

    "@opentelemetry/exporter-metrics-otlp-http/@opentelemetry/otlp-transformer/@opentelemetry/api-logs": ["@opentelemetry/api-logs@0.219.0", "", { "dependencies": { "@opentelemetry/api": "^1.3.0" } }, "sha512-FFx7YnaYJlIjqWW/AG/yAZ0L/NEY724PipXXXQLdtZPbLwBGbUMTGL1i/esI56TWfTUXxhLfpgrnWJCG8aUJyg=="],

    "@opentelemetry/exporter-metrics-otlp-http/@opentelemetry/otlp-transformer/@opentelemetry/sdk-logs": ["@opentelemetry/sdk-logs@0.219.0", "", { "dependencies": { "@opentelemetry/api-logs": "0.219.0", "@opentelemetry/core": "2.8.0", "@opentelemetry/resources": "2.8.0", "@opentelemetry/semantic-conventions": "^1.29.0" }, "peerDependencies": { "@opentelemetry/api": ">=1.4.0 <1.10.0" } }, "sha512-s6lTKRakaPClvKoWHRChxnXjDMkM/TQ30ff78jN6EBGf7MI7VzANE5PU3f4z9qDUudWjvZjOLHG0rBnBKYvoXA=="],

    "@opentelemetry/exporter-metrics-otlp-http/@opentelemetry/otlp-transformer/@opentelemetry/sdk-trace-base": ["@opentelemetry/sdk-trace-base@2.8.0", "", { "dependencies": { "@opentelemetry/core": "2.8.0", "@opentelemetry/resources": "2.8.0", "@opentelemetry/semantic-conventions": "^1.29.0" }, "peerDependencies": { "@opentelemetry/api": ">=1.3.0 <1.10.0" } }, "sha512-mhU4jp+vW0mGbFRd+GeXHvmfA4aDqWjBjLC3pE5XMpLs0IE2ryYb019Ts2AQrOq67gaTF25D91+fgvEHDZEnuQ=="],

    "@fireweaveai/deploy-sdk/@opentelemetry/exporter-logs-otlp-http/@opentelemetry/otlp-transformer/@opentelemetry/resources": ["@opentelemetry/resources@2.8.0", "", { "dependencies": { "@opentelemetry/core": "2.8.0", "@opentelemetry/semantic-conventions": "^1.29.0" }, "peerDependencies": { "@opentelemetry/api": ">=1.3.0 <1.10.0" } }, "sha512-qmXQ27ilDbUK/vGMqwL8D4/rhn76C+sherM4wTbjlfknR8Nvfc/hCxjRJPhkzZzUsPiNg16SA31NxMabwttRjg=="],

    "@fireweaveai/deploy-sdk/@opentelemetry/exporter-logs-otlp-http/@opentelemetry/otlp-transformer/@opentelemetry/sdk-metrics": ["@opentelemetry/sdk-metrics@2.8.0", "", { "dependencies": { "@opentelemetry/core": "2.8.0", "@opentelemetry/resources": "2.8.0" }, "peerDependencies": { "@opentelemetry/api": ">=1.9.0 <1.10.0" } }, "sha512-UDBGaj6W0Rgy5rTTaoxs8gVGF/aGkAKyjurJv7se6wjRxJu7FoquTLT/vt54DZfo4crbprYfhX/SOK9+BPw1qg=="],

    "@fireweaveai/deploy-sdk/@opentelemetry/exporter-logs-otlp-http/@opentelemetry/otlp-transformer/@opentelemetry/sdk-trace-base": ["@opentelemetry/sdk-trace-base@2.8.0", "", { "dependencies": { "@opentelemetry/core": "2.8.0", "@opentelemetry/resources": "2.8.0", "@opentelemetry/semantic-conventions": "^1.29.0" }, "peerDependencies": { "@opentelemetry/api": ">=1.3.0 <1.10.0" } }, "sha512-mhU4jp+vW0mGbFRd+GeXHvmfA4aDqWjBjLC3pE5XMpLs0IE2ryYb019Ts2AQrOq67gaTF25D91+fgvEHDZEnuQ=="],

    "@fireweaveai/deploy-sdk/@opentelemetry/exporter-trace-otlp-http/@opentelemetry/otlp-transformer/@opentelemetry/sdk-metrics": ["@opentelemetry/sdk-metrics@2.8.0", "", { "dependencies": { "@opentelemetry/core": "2.8.0", "@opentelemetry/resources": "2.8.0" }, "peerDependencies": { "@opentelemetry/api": ">=1.9.0 <1.10.0" } }, "sha512-UDBGaj6W0Rgy5rTTaoxs8gVGF/aGkAKyjurJv7se6wjRxJu7FoquTLT/vt54DZfo4crbprYfhX/SOK9+BPw1qg=="],
  }
}
